
Microsoft Visual Studio Solution File, Format Version 12.00
# Visual Studio 15
Project("{FAE04EC0-301F-11D3-BF4B-00C04F79EFBC}") = "Unity.Timeline", "Unity.Timeline.csproj", "{45D8DB63-EF3B-1194-BC26-273AE2D5E716}"
EndProject
Project("{FAE04EC0-301F-11D3-BF4B-00C04F79EFBC}") = "Unity.Timeline.Editor", "Unity.Timeline.Editor.csproj", "{ECCC4B0E-0EF7-BB4F-4370-60DFA657B40E}"
EndProject
Project("{FAE04EC0-301F-11D3-BF4B-00C04F79EFBC}") = "Unity.TerrainTools.Editor", "Unity.TerrainTools.Editor.csproj", "{068310A4-6046-FE59-DB38-2853C1B5DF43}"
EndProject
Project("{FAE04EC0-301F-11D3-BF4B-00C04F79EFBC}") = "Unity.TextMeshPro.Editor", "Unity.TextMeshPro.Editor.csproj", "{D2839F20-6B02-5CFE-859C-015872A5EC02}"
EndProject
Project("{FAE04EC0-301F-11D3-BF4B-00C04F79EFBC}") = "Unity.VisualScripting.Flow", "Unity.VisualScripting.Flow.csproj", "{94047063-2760-C565-4CAE-CB2BAB3543CF}"
EndProject
Project("{FAE04EC0-301F-11D3-BF4B-00C04F79EFBC}") = "UnityEditor.UI", "UnityEditor.UI.csproj", "{6D452648-8191-3CDB-BFAF-86EDD2087B59}"
EndProject
Project("{FAE04EC0-301F-11D3-BF4B-00C04F79EFBC}") = "Unity.ProBuilder", "Unity.ProBuilder.csproj", "{CE200C1A-EC95-8168-4F43-D03E2215A807}"
EndProject
Project("{FAE04EC0-301F-11D3-BF4B-00C04F79EFBC}") = "Unity.PlasticSCM.Editor", "Unity.PlasticSCM.Editor.csproj", "{8A3AD225-50DF-DABE-C03A-0E6EBB899AFF}"
EndProject
Project("{FAE04EC0-301F-11D3-BF4B-00C04F79EFBC}") = "Unity.ProBuilder.Editor", "Unity.ProBuilder.Editor.csproj", "{9445FDD1-8001-06F0-0A49-2662F6100479}"
EndProject
Project("{FAE04EC0-301F-11D3-BF4B-00C04F79EFBC}") = "Unity.VisualScripting.Core", "Unity.VisualScripting.Core.csproj", "{95CB6549-358D-F48C-CF57-639C8CB10607}"
EndProject
Project("{FAE04EC0-301F-11D3-BF4B-00C04F79EFBC}") = "Cinemachine", "Cinemachine.csproj", "{8353B41D-7513-CEEC-BACA-31AEBD5D76B4}"
EndProject
Project("{FAE04EC0-301F-11D3-BF4B-00C04F79EFBC}") = "Unity.VisualScripting.Core.Editor", "Unity.VisualScripting.Core.Editor.csproj", "{63E8F1EF-8713-7D60-6AC9-150DB78F0FC6}"
EndProject
Project("{FAE04EC0-301F-11D3-BF4B-00C04F79EFBC}") = "Unity.VisualScripting.Flow.Editor", "Unity.VisualScripting.Flow.Editor.csproj", "{0E32A3DA-BD15-CAFA-FCEB-D879379411B6}"
EndProject
Project("{FAE04EC0-301F-11D3-BF4B-00C04F79EFBC}") = "UnityEditor.TestRunner", "UnityEditor.TestRunner.csproj", "{AB097B2D-708D-643F-8485-11AE4E1C53D2}"
EndProject
Project("{FAE04EC0-301F-11D3-BF4B-00C04F79EFBC}") = "Unity.ProBuilder.Poly2Tri", "Unity.ProBuilder.Poly2Tri.csproj", "{DD082202-EF1E-89A9-FC55-7E69BCF3FF52}"
EndProject
Project("{FAE04EC0-301F-11D3-BF4B-00C04F79EFBC}") = "Unity.VisualScripting.SettingsProvider.Editor", "Unity.VisualScripting.SettingsProvider.Editor.csproj", "{BED5C199-E39E-CC30-386F-B5D1CFDC2037}"
EndProject
Project("{FAE04EC0-301F-11D3-BF4B-00C04F79EFBC}") = "UnityEngine.TestRunner", "UnityEngine.TestRunner.csproj", "{DAA610F8-46A9-1800-9FE2-099DDED3F855}"
EndProject
Project("{FAE04EC0-301F-11D3-BF4B-00C04F79EFBC}") = "UnityEngine.UI", "UnityEngine.UI.csproj", "{19063EC9-9B6F-B69A-CC8A-550351713B3C}"
EndProject
Project("{FAE04EC0-301F-11D3-BF4B-00C04F79EFBC}") = "Unity.ProBuilder.Csg", "Unity.ProBuilder.Csg.csproj", "{D5DDDB14-C47E-065A-BC7D-CB16CC6CC919}"
EndProject
Project("{FAE04EC0-301F-11D3-BF4B-00C04F79EFBC}") = "Unity.AI.Navigation.Editor", "Unity.AI.Navigation.Editor.csproj", "{AE5C741D-C77E-FA7B-B71F-E6517C918982}"
EndProject
Project("{FAE04EC0-301F-11D3-BF4B-00C04F79EFBC}") = "Unity.VisualStudio.Editor", "Unity.VisualStudio.Editor.csproj", "{C874A0D7-822C-1546-59AF-0023E05E43D0}"
EndProject
Project("{FAE04EC0-301F-11D3-BF4B-00C04F79EFBC}") = "Assembly-CSharp", "Assembly-CSharp.csproj", "{047B681C-2161-E557-3446-BE475B40FB92}"
EndProject
Project("{FAE04EC0-301F-11D3-BF4B-00C04F79EFBC}") = "com.unity.cinemachine.editor", "com.unity.cinemachine.editor.csproj", "{68364BE4-CA43-5543-F808-CFB2F8B05FCE}"
EndProject
Project("{FAE04EC0-301F-11D3-BF4B-00C04F79EFBC}") = "Unity.TestTools.CodeCoverage.Editor.OpenCover.Model", "Unity.TestTools.CodeCoverage.Editor.OpenCover.Model.csproj", "{9E9B333B-60CA-5A1D-6F6E-012031EA4798}"
EndProject
Project("{FAE04EC0-301F-11D3-BF4B-00C04F79EFBC}") = "Unity.Rider.Editor", "Unity.Rider.Editor.csproj", "{65E96CA6-C148-9E0A-2E5E-A0BF688D62E9}"
EndProject
Project("{FAE04EC0-301F-11D3-BF4B-00C04F79EFBC}") = "Unity.Postprocessing.Runtime", "Unity.Postprocessing.Runtime.csproj", "{8EA629A1-4109-F1DC-3172-43FBD6D9E580}"
EndProject
Project("{FAE04EC0-301F-11D3-BF4B-00C04F79EFBC}") = "Unity.AI.Navigation", "Unity.AI.Navigation.csproj", "{34E4BF3C-BF58-F2B7-5602-4E13D4A13549}"
EndProject
Project("{FAE04EC0-301F-11D3-BF4B-00C04F79EFBC}") = "Unity.AI.Navigation.Editor.ConversionSystem", "Unity.AI.Navigation.Editor.ConversionSystem.csproj", "{CE3293E2-72C5-6480-145D-390BF13C070E}"
EndProject
Project("{FAE04EC0-301F-11D3-BF4B-00C04F79EFBC}") = "Unity.VisualScripting.State.Editor", "Unity.VisualScripting.State.Editor.csproj", "{4603E549-C82E-E816-F1A6-519634BC0261}"
EndProject
Project("{FAE04EC0-301F-11D3-BF4B-00C04F79EFBC}") = "Unity.TestTools.CodeCoverage.Editor", "Unity.TestTools.CodeCoverage.Editor.csproj", "{1CFA032B-E814-C62A-B809-DBB7BCA96C2C}"
EndProject
Project("{FAE04EC0-301F-11D3-BF4B-00C04F79EFBC}") = "Unity.Postprocessing.Editor", "Unity.Postprocessing.Editor.csproj", "{05277F3E-A7FF-509D-E904-797EEB6A36BB}"
EndProject
Project("{FAE04EC0-301F-11D3-BF4B-00C04F79EFBC}") = "Unity.VisualScripting.State", "Unity.VisualScripting.State.csproj", "{0FF6ACE4-A573-1086-AC1F-C3272ACD6F82}"
EndProject
Project("{FAE04EC0-301F-11D3-BF4B-00C04F79EFBC}") = "Unity.TextMeshPro", "Unity.TextMeshPro.csproj", "{81336A18-4867-1E9A-323F-382C63DBB8D3}"
EndProject
Project("{FAE04EC0-301F-11D3-BF4B-00C04F79EFBC}") = "Unity.Performance.Profile-Analyzer.Editor", "Unity.Performance.Profile-Analyzer.Editor.csproj", "{C3951BEB-27D9-AB89-CF5E-606AF2167EB2}"
EndProject
Project("{FAE04EC0-301F-11D3-BF4B-00C04F79EFBC}") = "Unity.VSCode.Editor", "Unity.VSCode.Editor.csproj", "{1E026DE9-FA56-F64C-8194-A296E0AB22B4}"
EndProject
Project("{FAE04EC0-301F-11D3-BF4B-00C04F79EFBC}") = "Unity.TestTools.CodeCoverage.Editor.OpenCover.Mono.Reflection", "Unity.TestTools.CodeCoverage.Editor.OpenCover.Mono.Reflection.csproj", "{522E8572-7AD2-26DA-71DD-2DCC90B08D36}"
EndProject
Project("{FAE04EC0-301F-11D3-BF4B-00C04F79EFBC}") = "Unity.TerrainTools", "Unity.TerrainTools.csproj", "{01ACA8B9-6A2F-5A4C-2A9C-13744338E6E5}"
EndProject
Project("{FAE04EC0-301F-11D3-BF4B-00C04F79EFBC}") = "Unity.AI.Navigation.Updater", "Unity.AI.Navigation.Updater.csproj", "{A0868CD0-3C96-D86F-6726-2854A52FACF8}"
EndProject
Project("{FAE04EC0-301F-11D3-BF4B-00C04F79EFBC}") = "Unity.ProBuilder.Stl", "Unity.ProBuilder.Stl.csproj", "{26688C66-FDB1-5402-C870-A95AE3B6E4EF}"
EndProject
Project("{FAE04EC0-301F-11D3-BF4B-00C04F79EFBC}") = "Unity.Settings.Editor", "Unity.Settings.Editor.csproj", "{28EABE01-591A-4938-834A-17E2E296643F}"
EndProject
Project("{FAE04EC0-301F-11D3-BF4B-00C04F79EFBC}") = "Unity.ProBuilder.AssetIdRemapUtility", "Unity.ProBuilder.AssetIdRemapUtility.csproj", "{2AA3FED7-B269-9289-0A3D-27033B83F05B}"
EndProject
Project("{FAE04EC0-301F-11D3-BF4B-00C04F79EFBC}") = "Unity.ProBuilder.KdTree", "Unity.ProBuilder.KdTree.csproj", "{46B6FBFC-243F-7B30-E453-F0B432C88171}"
EndProject
Project("{FAE04EC0-301F-11D3-BF4B-00C04F79EFBC}") = "Unity.ProBuilder.AddOns.Editor", "Unity.ProBuilder.AddOns.Editor.csproj", "{DA2B6C8C-A70B-7241-3388-456ED8B62D49}"
EndProject
Project("{FAE04EC0-301F-11D3-BF4B-00C04F79EFBC}") = "Unity.EditorCoroutines.Editor", "Unity.EditorCoroutines.Editor.csproj", "{0C54D39D-3C3B-A923-D2D0-2DF423853865}"
EndProject
Project("{FAE04EC0-301F-11D3-BF4B-00C04F79EFBC}") = "Assembly-CSharp-Editor", "Assembly-CSharp-Editor.csproj", "{BF43F909-0C5D-8BCF-F914-F11F33DA48D0}"
EndProject
Project("{FAE04EC0-301F-11D3-BF4B-00C04F79EFBC}") = "Unity.VisualScripting.Shared.Editor", "Unity.VisualScripting.Shared.Editor.csproj", "{04226635-B3AA-E1D3-5AAD-918C9025D013}"
EndProject
Project("{FAE04EC0-301F-11D3-BF4B-00C04F79EFBC}") = "Unity.CollabProxy.Editor", "Unity.CollabProxy.Editor.csproj", "{B18D47A0-0BCC-1BA2-AD9D-5C5F0169DC1F}"
EndProject
Project("{FAE04EC0-301F-11D3-BF4B-00C04F79EFBC}") = "Unity.Timeline", "Unity.Timeline.Player.csproj", "{207A5EDD-D70B-D5F4-E2FD-2654B19050ED}"
EndProject
Project("{FAE04EC0-301F-11D3-BF4B-00C04F79EFBC}") = "Unity.VisualScripting.Flow", "Unity.VisualScripting.Flow.Player.csproj", "{F11989CB-7080-F941-4404-632647704411}"
EndProject
Project("{FAE04EC0-301F-11D3-BF4B-00C04F79EFBC}") = "Unity.ProBuilder", "Unity.ProBuilder.Player.csproj", "{E9AED656-9713-4752-8338-969814D800D3}"
EndProject
Project("{FAE04EC0-301F-11D3-BF4B-00C04F79EFBC}") = "Unity.VisualScripting.Core", "Unity.VisualScripting.Core.Player.csproj", "{10FD0744-713B-EF1E-A86E-4433FC2014FC}"
EndProject
Project("{FAE04EC0-301F-11D3-BF4B-00C04F79EFBC}") = "Cinemachine", "Cinemachine.Player.csproj", "{378CAE3A-359E-39C9-5D30-39D6BBF86740}"
EndProject
Project("{FAE04EC0-301F-11D3-BF4B-00C04F79EFBC}") = "Unity.ProBuilder.Poly2Tri", "Unity.ProBuilder.Poly2Tri.Player.csproj", "{927DB624-D9C9-3F66-A703-17CE9C2D6C65}"
EndProject
Project("{FAE04EC0-301F-11D3-BF4B-00C04F79EFBC}") = "UnityEngine.TestRunner", "UnityEngine.TestRunner.Player.csproj", "{4BC0D42D-A385-4BAE-6BAD-2BDD4BCBCAB3}"
EndProject
Project("{FAE04EC0-301F-11D3-BF4B-00C04F79EFBC}") = "UnityEngine.UI", "UnityEngine.UI.Player.csproj", "{43C420AC-3009-4BA4-86B0-59D396B77252}"
EndProject
Project("{FAE04EC0-301F-11D3-BF4B-00C04F79EFBC}") = "Unity.ProBuilder.Csg", "Unity.ProBuilder.Csg.Player.csproj", "{4B41DEA7-84EC-6333-FBD7-088770D732F7}"
EndProject
Project("{FAE04EC0-301F-11D3-BF4B-00C04F79EFBC}") = "Assembly-CSharp", "Assembly-CSharp.Player.csproj", "{D1160859-3A5D-E0BC-8243-A628D7C99AA2}"
EndProject
Project("{FAE04EC0-301F-11D3-BF4B-00C04F79EFBC}") = "Unity.Postprocessing.Runtime", "Unity.Postprocessing.Runtime.Player.csproj", "{F2272BE6-BBAD-CD98-BF3F-FA26713E2840}"
EndProject
Project("{FAE04EC0-301F-11D3-BF4B-00C04F79EFBC}") = "Unity.AI.Navigation", "Unity.AI.Navigation.Player.csproj", "{D708140C-2E2C-FDE4-30D7-4AA4196DC7F3}"
EndProject
Project("{FAE04EC0-301F-11D3-BF4B-00C04F79EFBC}") = "Unity.VisualScripting.State", "Unity.VisualScripting.State.Player.csproj", "{A310D1C5-E231-334A-8A0E-27364DA4AEF2}"
EndProject
Project("{FAE04EC0-301F-11D3-BF4B-00C04F79EFBC}") = "Unity.TextMeshPro", "Unity.TextMeshPro.Player.csproj", "{4CFBCF8B-CB5D-0B15-E545-D5217E7B68DB}"
EndProject
Project("{FAE04EC0-301F-11D3-BF4B-00C04F79EFBC}") = "Unity.TerrainTools", "Unity.TerrainTools.Player.csproj", "{2DF9FC7D-88CB-4966-4571-8B2919100BE0}"
EndProject
Project("{FAE04EC0-301F-11D3-BF4B-00C04F79EFBC}") = "Unity.ProBuilder.Stl", "Unity.ProBuilder.Stl.Player.csproj", "{58ABE759-0715-80C2-60A2-A3C9C7749F2B}"
EndProject
Project("{FAE04EC0-301F-11D3-BF4B-00C04F79EFBC}") = "Unity.ProBuilder.KdTree", "Unity.ProBuilder.KdTree.Player.csproj", "{70447702-5B2A-F283-22C6-8FCE27F2321C}"
EndProject
Global
	GlobalSection(SolutionConfigurationPlatforms) = preSolution
		Debug|Any CPU = Debug|Any CPU
		Release|Any CPU = Release|Any CPU
	EndGlobalSection
	GlobalSection(ProjectConfigurationPlatforms) = postSolution
		{45D8DB63-EF3B-1194-BC26-273AE2D5E716}.Debug|Any CPU.ActiveCfg = Debug|Any CPU
		{45D8DB63-EF3B-1194-BC26-273AE2D5E716}.Debug|Any CPU.Build.0 = Debug|Any CPU
		{45D8DB63-EF3B-1194-BC26-273AE2D5E716}.Release|Any CPU.ActiveCfg = Release|Any CPU
		{45D8DB63-EF3B-1194-BC26-273AE2D5E716}.Release|Any CPU.Build.0 = Release|Any CPU
		{ECCC4B0E-0EF7-BB4F-4370-60DFA657B40E}.Debug|Any CPU.ActiveCfg = Debug|Any CPU
		{ECCC4B0E-0EF7-BB4F-4370-60DFA657B40E}.Debug|Any CPU.Build.0 = Debug|Any CPU
		{ECCC4B0E-0EF7-BB4F-4370-60DFA657B40E}.Release|Any CPU.ActiveCfg = Release|Any CPU
		{ECCC4B0E-0EF7-BB4F-4370-60DFA657B40E}.Release|Any CPU.Build.0 = Release|Any CPU
		{068310A4-6046-FE59-DB38-2853C1B5DF43}.Debug|Any CPU.ActiveCfg = Debug|Any CPU
		{068310A4-6046-FE59-DB38-2853C1B5DF43}.Debug|Any CPU.Build.0 = Debug|Any CPU
		{068310A4-6046-FE59-DB38-2853C1B5DF43}.Release|Any CPU.ActiveCfg = Release|Any CPU
		{068310A4-6046-FE59-DB38-2853C1B5DF43}.Release|Any CPU.Build.0 = Release|Any CPU
		{D2839F20-6B02-5CFE-859C-015872A5EC02}.Debug|Any CPU.ActiveCfg = Debug|Any CPU
		{D2839F20-6B02-5CFE-859C-015872A5EC02}.Debug|Any CPU.Build.0 = Debug|Any CPU
		{D2839F20-6B02-5CFE-859C-015872A5EC02}.Release|Any CPU.ActiveCfg = Release|Any CPU
		{D2839F20-6B02-5CFE-859C-015872A5EC02}.Release|Any CPU.Build.0 = Release|Any CPU
		{94047063-2760-C565-4CAE-CB2BAB3543CF}.Debug|Any CPU.ActiveCfg = Debug|Any CPU
		{94047063-2760-C565-4CAE-CB2BAB3543CF}.Debug|Any CPU.Build.0 = Debug|Any CPU
		{94047063-2760-C565-4CAE-CB2BAB3543CF}.Release|Any CPU.ActiveCfg = Release|Any CPU
		{94047063-2760-C565-4CAE-CB2BAB3543CF}.Release|Any CPU.Build.0 = Release|Any CPU
		{6D452648-8191-3CDB-BFAF-86EDD2087B59}.Debug|Any CPU.ActiveCfg = Debug|Any CPU
		{6D452648-8191-3CDB-BFAF-86EDD2087B59}.Debug|Any CPU.Build.0 = Debug|Any CPU
		{6D452648-8191-3CDB-BFAF-86EDD2087B59}.Release|Any CPU.ActiveCfg = Release|Any CPU
		{6D452648-8191-3CDB-BFAF-86EDD2087B59}.Release|Any CPU.Build.0 = Release|Any CPU
		{CE200C1A-EC95-8168-4F43-D03E2215A807}.Debug|Any CPU.ActiveCfg = Debug|Any CPU
		{CE200C1A-EC95-8168-4F43-D03E2215A807}.Debug|Any CPU.Build.0 = Debug|Any CPU
		{CE200C1A-EC95-8168-4F43-D03E2215A807}.Release|Any CPU.ActiveCfg = Release|Any CPU
		{CE200C1A-EC95-8168-4F43-D03E2215A807}.Release|Any CPU.Build.0 = Release|Any CPU
		{8A3AD225-50DF-DABE-C03A-0E6EBB899AFF}.Debug|Any CPU.ActiveCfg = Debug|Any CPU
		{8A3AD225-50DF-DABE-C03A-0E6EBB899AFF}.Debug|Any CPU.Build.0 = Debug|Any CPU
		{8A3AD225-50DF-DABE-C03A-0E6EBB899AFF}.Release|Any CPU.ActiveCfg = Release|Any CPU
		{8A3AD225-50DF-DABE-C03A-0E6EBB899AFF}.Release|Any CPU.Build.0 = Release|Any CPU
		{9445FDD1-8001-06F0-0A49-2662F6100479}.Debug|Any CPU.ActiveCfg = Debug|Any CPU
		{9445FDD1-8001-06F0-0A49-2662F6100479}.Debug|Any CPU.Build.0 = Debug|Any CPU
		{9445FDD1-8001-06F0-0A49-2662F6100479}.Release|Any CPU.ActiveCfg = Release|Any CPU
		{9445FDD1-8001-06F0-0A49-2662F6100479}.Release|Any CPU.Build.0 = Release|Any CPU
		{95CB6549-358D-F48C-CF57-639C8CB10607}.Debug|Any CPU.ActiveCfg = Debug|Any CPU
		{95CB6549-358D-F48C-CF57-639C8CB10607}.Debug|Any CPU.Build.0 = Debug|Any CPU
		{95CB6549-358D-F48C-CF57-639C8CB10607}.Release|Any CPU.ActiveCfg = Release|Any CPU
		{95CB6549-358D-F48C-CF57-639C8CB10607}.Release|Any CPU.Build.0 = Release|Any CPU
		{8353B41D-7513-CEEC-BACA-31AEBD5D76B4}.Debug|Any CPU.ActiveCfg = Debug|Any CPU
		{8353B41D-7513-CEEC-BACA-31AEBD5D76B4}.Debug|Any CPU.Build.0 = Debug|Any CPU
		{8353B41D-7513-CEEC-BACA-31AEBD5D76B4}.Release|Any CPU.ActiveCfg = Release|Any CPU
		{8353B41D-7513-CEEC-BACA-31AEBD5D76B4}.Release|Any CPU.Build.0 = Release|Any CPU
		{63E8F1EF-8713-7D60-6AC9-150DB78F0FC6}.Debug|Any CPU.ActiveCfg = Debug|Any CPU
		{63E8F1EF-8713-7D60-6AC9-150DB78F0FC6}.Debug|Any CPU.Build.0 = Debug|Any CPU
		{63E8F1EF-8713-7D60-6AC9-150DB78F0FC6}.Release|Any CPU.ActiveCfg = Release|Any CPU
		{63E8F1EF-8713-7D60-6AC9-150DB78F0FC6}.Release|Any CPU.Build.0 = Release|Any CPU
		{0E32A3DA-BD15-CAFA-FCEB-D879379411B6}.Debug|Any CPU.ActiveCfg = Debug|Any CPU
		{0E32A3DA-BD15-CAFA-FCEB-D879379411B6}.Debug|Any CPU.Build.0 = Debug|Any CPU
		{0E32A3DA-BD15-CAFA-FCEB-D879379411B6}.Release|Any CPU.ActiveCfg = Release|Any CPU
		{0E32A3DA-BD15-CAFA-FCEB-D879379411B6}.Release|Any CPU.Build.0 = Release|Any CPU
		{AB097B2D-708D-643F-8485-11AE4E1C53D2}.Debug|Any CPU.ActiveCfg = Debug|Any CPU
		{AB097B2D-708D-643F-8485-11AE4E1C53D2}.Debug|Any CPU.Build.0 = Debug|Any CPU
		{AB097B2D-708D-643F-8485-11AE4E1C53D2}.Release|Any CPU.ActiveCfg = Release|Any CPU
		{AB097B2D-708D-643F-8485-11AE4E1C53D2}.Release|Any CPU.Build.0 = Release|Any CPU
		{DD082202-EF1E-89A9-FC55-7E69BCF3FF52}.Debug|Any CPU.ActiveCfg = Debug|Any CPU
		{DD082202-EF1E-89A9-FC55-7E69BCF3FF52}.Debug|Any CPU.Build.0 = Debug|Any CPU
		{DD082202-EF1E-89A9-FC55-7E69BCF3FF52}.Release|Any CPU.ActiveCfg = Release|Any CPU
		{DD082202-EF1E-89A9-FC55-7E69BCF3FF52}.Release|Any CPU.Build.0 = Release|Any CPU
		{BED5C199-E39E-CC30-386F-B5D1CFDC2037}.Debug|Any CPU.ActiveCfg = Debug|Any CPU
		{BED5C199-E39E-CC30-386F-B5D1CFDC2037}.Debug|Any CPU.Build.0 = Debug|Any CPU
		{BED5C199-E39E-CC30-386F-B5D1CFDC2037}.Release|Any CPU.ActiveCfg = Release|Any CPU
		{BED5C199-E39E-CC30-386F-B5D1CFDC2037}.Release|Any CPU.Build.0 = Release|Any CPU
		{DAA610F8-46A9-1800-9FE2-099DDED3F855}.Debug|Any CPU.ActiveCfg = Debug|Any CPU
		{DAA610F8-46A9-1800-9FE2-099DDED3F855}.Debug|Any CPU.Build.0 = Debug|Any CPU
		{DAA610F8-46A9-1800-9FE2-099DDED3F855}.Release|Any CPU.ActiveCfg = Release|Any CPU
		{DAA610F8-46A9-1800-9FE2-099DDED3F855}.Release|Any CPU.Build.0 = Release|Any CPU
		{19063EC9-9B6F-B69A-CC8A-550351713B3C}.Debug|Any CPU.ActiveCfg = Debug|Any CPU
		{19063EC9-9B6F-B69A-CC8A-550351713B3C}.Debug|Any CPU.Build.0 = Debug|Any CPU
		{19063EC9-9B6F-B69A-CC8A-550351713B3C}.Release|Any CPU.ActiveCfg = Release|Any CPU
		{19063EC9-9B6F-B69A-CC8A-550351713B3C}.Release|Any CPU.Build.0 = Release|Any CPU
		{D5DDDB14-C47E-065A-BC7D-CB16CC6CC919}.Debug|Any CPU.ActiveCfg = Debug|Any CPU
		{D5DDDB14-C47E-065A-BC7D-CB16CC6CC919}.Debug|Any CPU.Build.0 = Debug|Any CPU
		{D5DDDB14-C47E-065A-BC7D-CB16CC6CC919}.Release|Any CPU.ActiveCfg = Release|Any CPU
		{D5DDDB14-C47E-065A-BC7D-CB16CC6CC919}.Release|Any CPU.Build.0 = Release|Any CPU
		{AE5C741D-C77E-FA7B-B71F-E6517C918982}.Debug|Any CPU.ActiveCfg = Debug|Any CPU
		{AE5C741D-C77E-FA7B-B71F-E6517C918982}.Debug|Any CPU.Build.0 = Debug|Any CPU
		{AE5C741D-C77E-FA7B-B71F-E6517C918982}.Release|Any CPU.ActiveCfg = Release|Any CPU
		{AE5C741D-C77E-FA7B-B71F-E6517C918982}.Release|Any CPU.Build.0 = Release|Any CPU
		{C874A0D7-822C-1546-59AF-0023E05E43D0}.Debug|Any CPU.ActiveCfg = Debug|Any CPU
		{C874A0D7-822C-1546-59AF-0023E05E43D0}.Debug|Any CPU.Build.0 = Debug|Any CPU
		{C874A0D7-822C-1546-59AF-0023E05E43D0}.Release|Any CPU.ActiveCfg = Release|Any CPU
		{C874A0D7-822C-1546-59AF-0023E05E43D0}.Release|Any CPU.Build.0 = Release|Any CPU
		{047B681C-2161-E557-3446-BE475B40FB92}.Debug|Any CPU.ActiveCfg = Debug|Any CPU
		{047B681C-2161-E557-3446-BE475B40FB92}.Debug|Any CPU.Build.0 = Debug|Any CPU
		{047B681C-2161-E557-3446-BE475B40FB92}.Release|Any CPU.ActiveCfg = Release|Any CPU
		{047B681C-2161-E557-3446-BE475B40FB92}.Release|Any CPU.Build.0 = Release|Any CPU
		{68364BE4-CA43-5543-F808-CFB2F8B05FCE}.Debug|Any CPU.ActiveCfg = Debug|Any CPU
		{68364BE4-CA43-5543-F808-CFB2F8B05FCE}.Debug|Any CPU.Build.0 = Debug|Any CPU
		{68364BE4-CA43-5543-F808-CFB2F8B05FCE}.Release|Any CPU.ActiveCfg = Release|Any CPU
		{68364BE4-CA43-5543-F808-CFB2F8B05FCE}.Release|Any CPU.Build.0 = Release|Any CPU
		{9E9B333B-60CA-5A1D-6F6E-012031EA4798}.Debug|Any CPU.ActiveCfg = Debug|Any CPU
		{9E9B333B-60CA-5A1D-6F6E-012031EA4798}.Debug|Any CPU.Build.0 = Debug|Any CPU
		{9E9B333B-60CA-5A1D-6F6E-012031EA4798}.Release|Any CPU.ActiveCfg = Release|Any CPU
		{9E9B333B-60CA-5A1D-6F6E-012031EA4798}.Release|Any CPU.Build.0 = Release|Any CPU
		{65E96CA6-C148-9E0A-2E5E-A0BF688D62E9}.Debug|Any CPU.ActiveCfg = Debug|Any CPU
		{65E96CA6-C148-9E0A-2E5E-A0BF688D62E9}.Debug|Any CPU.Build.0 = Debug|Any CPU
		{65E96CA6-C148-9E0A-2E5E-A0BF688D62E9}.Release|Any CPU.ActiveCfg = Release|Any CPU
		{65E96CA6-C148-9E0A-2E5E-A0BF688D62E9}.Release|Any CPU.Build.0 = Release|Any CPU
		{8EA629A1-4109-F1DC-3172-43FBD6D9E580}.Debug|Any CPU.ActiveCfg = Debug|Any CPU
		{8EA629A1-4109-F1DC-3172-43FBD6D9E580}.Debug|Any CPU.Build.0 = Debug|Any CPU
		{8EA629A1-4109-F1DC-3172-43FBD6D9E580}.Release|Any CPU.ActiveCfg = Release|Any CPU
		{8EA629A1-4109-F1DC-3172-43FBD6D9E580}.Release|Any CPU.Build.0 = Release|Any CPU
		{34E4BF3C-BF58-F2B7-5602-4E13D4A13549}.Debug|Any CPU.ActiveCfg = Debug|Any CPU
		{34E4BF3C-BF58-F2B7-5602-4E13D4A13549}.Debug|Any CPU.Build.0 = Debug|Any CPU
		{34E4BF3C-BF58-F2B7-5602-4E13D4A13549}.Release|Any CPU.ActiveCfg = Release|Any CPU
		{34E4BF3C-BF58-F2B7-5602-4E13D4A13549}.Release|Any CPU.Build.0 = Release|Any CPU
		{CE3293E2-72C5-6480-145D-390BF13C070E}.Debug|Any CPU.ActiveCfg = Debug|Any CPU
		{CE3293E2-72C5-6480-145D-390BF13C070E}.Debug|Any CPU.Build.0 = Debug|Any CPU
		{CE3293E2-72C5-6480-145D-390BF13C070E}.Release|Any CPU.ActiveCfg = Release|Any CPU
		{CE3293E2-72C5-6480-145D-390BF13C070E}.Release|Any CPU.Build.0 = Release|Any CPU
		{4603E549-C82E-E816-F1A6-519634BC0261}.Debug|Any CPU.ActiveCfg = Debug|Any CPU
		{4603E549-C82E-E816-F1A6-519634BC0261}.Debug|Any CPU.Build.0 = Debug|Any CPU
		{4603E549-C82E-E816-F1A6-519634BC0261}.Release|Any CPU.ActiveCfg = Release|Any CPU
		{4603E549-C82E-E816-F1A6-519634BC0261}.Release|Any CPU.Build.0 = Release|Any CPU
		{1CFA032B-E814-C62A-B809-DBB7BCA96C2C}.Debug|Any CPU.ActiveCfg = Debug|Any CPU
		{1CFA032B-E814-C62A-B809-DBB7BCA96C2C}.Debug|Any CPU.Build.0 = Debug|Any CPU
		{1CFA032B-E814-C62A-B809-DBB7BCA96C2C}.Release|Any CPU.ActiveCfg = Release|Any CPU
		{1CFA032B-E814-C62A-B809-DBB7BCA96C2C}.Release|Any CPU.Build.0 = Release|Any CPU
		{05277F3E-A7FF-509D-E904-797EEB6A36BB}.Debug|Any CPU.ActiveCfg = Debug|Any CPU
		{05277F3E-A7FF-509D-E904-797EEB6A36BB}.Debug|Any CPU.Build.0 = Debug|Any CPU
		{05277F3E-A7FF-509D-E904-797EEB6A36BB}.Release|Any CPU.ActiveCfg = Release|Any CPU
		{05277F3E-A7FF-509D-E904-797EEB6A36BB}.Release|Any CPU.Build.0 = Release|Any CPU
		{0FF6ACE4-A573-1086-AC1F-C3272ACD6F82}.Debug|Any CPU.ActiveCfg = Debug|Any CPU
		{0FF6ACE4-A573-1086-AC1F-C3272ACD6F82}.Debug|Any CPU.Build.0 = Debug|Any CPU
		{0FF6ACE4-A573-1086-AC1F-C3272ACD6F82}.Release|Any CPU.ActiveCfg = Release|Any CPU
		{0FF6ACE4-A573-1086-AC1F-C3272ACD6F82}.Release|Any CPU.Build.0 = Release|Any CPU
		{81336A18-4867-1E9A-323F-382C63DBB8D3}.Debug|Any CPU.ActiveCfg = Debug|Any CPU
		{81336A18-4867-1E9A-323F-382C63DBB8D3}.Debug|Any CPU.Build.0 = Debug|Any CPU
		{81336A18-4867-1E9A-323F-382C63DBB8D3}.Release|Any CPU.ActiveCfg = Release|Any CPU
		{81336A18-4867-1E9A-323F-382C63DBB8D3}.Release|Any CPU.Build.0 = Release|Any CPU
		{C3951BEB-27D9-AB89-CF5E-606AF2167EB2}.Debug|Any CPU.ActiveCfg = Debug|Any CPU
		{C3951BEB-27D9-AB89-CF5E-606AF2167EB2}.Debug|Any CPU.Build.0 = Debug|Any CPU
		{C3951BEB-27D9-AB89-CF5E-606AF2167EB2}.Release|Any CPU.ActiveCfg = Release|Any CPU
		{C3951BEB-27D9-AB89-CF5E-606AF2167EB2}.Release|Any CPU.Build.0 = Release|Any CPU
		{1E026DE9-FA56-F64C-8194-A296E0AB22B4}.Debug|Any CPU.ActiveCfg = Debug|Any CPU
		{1E026DE9-FA56-F64C-8194-A296E0AB22B4}.Debug|Any CPU.Build.0 = Debug|Any CPU
		{1E026DE9-FA56-F64C-8194-A296E0AB22B4}.Release|Any CPU.ActiveCfg = Release|Any CPU
		{1E026DE9-FA56-F64C-8194-A296E0AB22B4}.Release|Any CPU.Build.0 = Release|Any CPU
		{522E8572-7AD2-26DA-71DD-2DCC90B08D36}.Debug|Any CPU.ActiveCfg = Debug|Any CPU
		{522E8572-7AD2-26DA-71DD-2DCC90B08D36}.Debug|Any CPU.Build.0 = Debug|Any CPU
		{522E8572-7AD2-26DA-71DD-2DCC90B08D36}.Release|Any CPU.ActiveCfg = Release|Any CPU
		{522E8572-7AD2-26DA-71DD-2DCC90B08D36}.Release|Any CPU.Build.0 = Release|Any CPU
		{01ACA8B9-6A2F-5A4C-2A9C-13744338E6E5}.Debug|Any CPU.ActiveCfg = Debug|Any CPU
		{01ACA8B9-6A2F-5A4C-2A9C-13744338E6E5}.Debug|Any CPU.Build.0 = Debug|Any CPU
		{01ACA8B9-6A2F-5A4C-2A9C-13744338E6E5}.Release|Any CPU.ActiveCfg = Release|Any CPU
		{01ACA8B9-6A2F-5A4C-2A9C-13744338E6E5}.Release|Any CPU.Build.0 = Release|Any CPU
		{A0868CD0-3C96-D86F-6726-2854A52FACF8}.Debug|Any CPU.ActiveCfg = Debug|Any CPU
		{A0868CD0-3C96-D86F-6726-2854A52FACF8}.Debug|Any CPU.Build.0 = Debug|Any CPU
		{A0868CD0-3C96-D86F-6726-2854A52FACF8}.Release|Any CPU.ActiveCfg = Release|Any CPU
		{A0868CD0-3C96-D86F-6726-2854A52FACF8}.Release|Any CPU.Build.0 = Release|Any CPU
		{26688C66-FDB1-5402-C870-A95AE3B6E4EF}.Debug|Any CPU.ActiveCfg = Debug|Any CPU
		{26688C66-FDB1-5402-C870-A95AE3B6E4EF}.Debug|Any CPU.Build.0 = Debug|Any CPU
		{26688C66-FDB1-5402-C870-A95AE3B6E4EF}.Release|Any CPU.ActiveCfg = Release|Any CPU
		{26688C66-FDB1-5402-C870-A95AE3B6E4EF}.Release|Any CPU.Build.0 = Release|Any CPU
		{28EABE01-591A-4938-834A-17E2E296643F}.Debug|Any CPU.ActiveCfg = Debug|Any CPU
		{28EABE01-591A-4938-834A-17E2E296643F}.Debug|Any CPU.Build.0 = Debug|Any CPU
		{28EABE01-591A-4938-834A-17E2E296643F}.Release|Any CPU.ActiveCfg = Release|Any CPU
		{28EABE01-591A-4938-834A-17E2E296643F}.Release|Any CPU.Build.0 = Release|Any CPU
		{2AA3FED7-B269-9289-0A3D-27033B83F05B}.Debug|Any CPU.ActiveCfg = Debug|Any CPU
		{2AA3FED7-B269-9289-0A3D-27033B83F05B}.Debug|Any CPU.Build.0 = Debug|Any CPU
		{2AA3FED7-B269-9289-0A3D-27033B83F05B}.Release|Any CPU.ActiveCfg = Release|Any CPU
		{2AA3FED7-B269-9289-0A3D-27033B83F05B}.Release|Any CPU.Build.0 = Release|Any CPU
		{46B6FBFC-243F-7B30-E453-F0B432C88171}.Debug|Any CPU.ActiveCfg = Debug|Any CPU
		{46B6FBFC-243F-7B30-E453-F0B432C88171}.Debug|Any CPU.Build.0 = Debug|Any CPU
		{46B6FBFC-243F-7B30-E453-F0B432C88171}.Release|Any CPU.ActiveCfg = Release|Any CPU
		{46B6FBFC-243F-7B30-E453-F0B432C88171}.Release|Any CPU.Build.0 = Release|Any CPU
		{DA2B6C8C-A70B-7241-3388-456ED8B62D49}.Debug|Any CPU.ActiveCfg = Debug|Any CPU
		{DA2B6C8C-A70B-7241-3388-456ED8B62D49}.Debug|Any CPU.Build.0 = Debug|Any CPU
		{DA2B6C8C-A70B-7241-3388-456ED8B62D49}.Release|Any CPU.ActiveCfg = Release|Any CPU
		{DA2B6C8C-A70B-7241-3388-456ED8B62D49}.Release|Any CPU.Build.0 = Release|Any CPU
		{0C54D39D-3C3B-A923-D2D0-2DF423853865}.Debug|Any CPU.ActiveCfg = Debug|Any CPU
		{0C54D39D-3C3B-A923-D2D0-2DF423853865}.Debug|Any CPU.Build.0 = Debug|Any CPU
		{0C54D39D-3C3B-A923-D2D0-2DF423853865}.Release|Any CPU.ActiveCfg = Release|Any CPU
		{0C54D39D-3C3B-A923-D2D0-2DF423853865}.Release|Any CPU.Build.0 = Release|Any CPU
		{BF43F909-0C5D-8BCF-F914-F11F33DA48D0}.Debug|Any CPU.ActiveCfg = Debug|Any CPU
		{BF43F909-0C5D-8BCF-F914-F11F33DA48D0}.Debug|Any CPU.Build.0 = Debug|Any CPU
		{BF43F909-0C5D-8BCF-F914-F11F33DA48D0}.Release|Any CPU.ActiveCfg = Release|Any CPU
		{BF43F909-0C5D-8BCF-F914-F11F33DA48D0}.Release|Any CPU.Build.0 = Release|Any CPU
		{04226635-B3AA-E1D3-5AAD-918C9025D013}.Debug|Any CPU.ActiveCfg = Debug|Any CPU
		{04226635-B3AA-E1D3-5AAD-918C9025D013}.Debug|Any CPU.Build.0 = Debug|Any CPU
		{04226635-B3AA-E1D3-5AAD-918C9025D013}.Release|Any CPU.ActiveCfg = Release|Any CPU
		{04226635-B3AA-E1D3-5AAD-918C9025D013}.Release|Any CPU.Build.0 = Release|Any CPU
		{B18D47A0-0BCC-1BA2-AD9D-5C5F0169DC1F}.Debug|Any CPU.ActiveCfg = Debug|Any CPU
		{B18D47A0-0BCC-1BA2-AD9D-5C5F0169DC1F}.Debug|Any CPU.Build.0 = Debug|Any CPU
		{B18D47A0-0BCC-1BA2-AD9D-5C5F0169DC1F}.Release|Any CPU.ActiveCfg = Release|Any CPU
		{B18D47A0-0BCC-1BA2-AD9D-5C5F0169DC1F}.Release|Any CPU.Build.0 = Release|Any CPU
		{207A5EDD-D70B-D5F4-E2FD-2654B19050ED}.Debug|Any CPU.ActiveCfg = Debug|Any CPU
		{207A5EDD-D70B-D5F4-E2FD-2654B19050ED}.Debug|Any CPU.Build.0 = Debug|Any CPU
		{207A5EDD-D70B-D5F4-E2FD-2654B19050ED}.Release|Any CPU.ActiveCfg = Release|Any CPU
		{207A5EDD-D70B-D5F4-E2FD-2654B19050ED}.Release|Any CPU.Build.0 = Release|Any CPU
		{F11989CB-7080-F941-4404-632647704411}.Debug|Any CPU.ActiveCfg = Debug|Any CPU
		{F11989CB-7080-F941-4404-632647704411}.Debug|Any CPU.Build.0 = Debug|Any CPU
		{F11989CB-7080-F941-4404-632647704411}.Release|Any CPU.ActiveCfg = Release|Any CPU
		{F11989CB-7080-F941-4404-632647704411}.Release|Any CPU.Build.0 = Release|Any CPU
		{E9AED656-9713-4752-8338-969814D800D3}.Debug|Any CPU.ActiveCfg = Debug|Any CPU
		{E9AED656-9713-4752-8338-969814D800D3}.Debug|Any CPU.Build.0 = Debug|Any CPU
		{E9AED656-9713-4752-8338-969814D800D3}.Release|Any CPU.ActiveCfg = Release|Any CPU
		{E9AED656-9713-4752-8338-969814D800D3}.Release|Any CPU.Build.0 = Release|Any CPU
		{10FD0744-713B-EF1E-A86E-4433FC2014FC}.Debug|Any CPU.ActiveCfg = Debug|Any CPU
		{10FD0744-713B-EF1E-A86E-4433FC2014FC}.Debug|Any CPU.Build.0 = Debug|Any CPU
		{10FD0744-713B-EF1E-A86E-4433FC2014FC}.Release|Any CPU.ActiveCfg = Release|Any CPU
		{10FD0744-713B-EF1E-A86E-4433FC2014FC}.Release|Any CPU.Build.0 = Release|Any CPU
		{378CAE3A-359E-39C9-5D30-39D6BBF86740}.Debug|Any CPU.ActiveCfg = Debug|Any CPU
		{378CAE3A-359E-39C9-5D30-39D6BBF86740}.Debug|Any CPU.Build.0 = Debug|Any CPU
		{378CAE3A-359E-39C9-5D30-39D6BBF86740}.Release|Any CPU.ActiveCfg = Release|Any CPU
		{378CAE3A-359E-39C9-5D30-39D6BBF86740}.Release|Any CPU.Build.0 = Release|Any CPU
		{927DB624-D9C9-3F66-A703-17CE9C2D6C65}.Debug|Any CPU.ActiveCfg = Debug|Any CPU
		{927DB624-D9C9-3F66-A703-17CE9C2D6C65}.Debug|Any CPU.Build.0 = Debug|Any CPU
		{927DB624-D9C9-3F66-A703-17CE9C2D6C65}.Release|Any CPU.ActiveCfg = Release|Any CPU
		{927DB624-D9C9-3F66-A703-17CE9C2D6C65}.Release|Any CPU.Build.0 = Release|Any CPU
		{4BC0D42D-A385-4BAE-6BAD-2BDD4BCBCAB3}.Debug|Any CPU.ActiveCfg = Debug|Any CPU
		{4BC0D42D-A385-4BAE-6BAD-2BDD4BCBCAB3}.Debug|Any CPU.Build.0 = Debug|Any CPU
		{4BC0D42D-A385-4BAE-6BAD-2BDD4BCBCAB3}.Release|Any CPU.ActiveCfg = Release|Any CPU
		{4BC0D42D-A385-4BAE-6BAD-2BDD4BCBCAB3}.Release|Any CPU.Build.0 = Release|Any CPU
		{43C420AC-3009-4BA4-86B0-59D396B77252}.Debug|Any CPU.ActiveCfg = Debug|Any CPU
		{43C420AC-3009-4BA4-86B0-59D396B77252}.Debug|Any CPU.Build.0 = Debug|Any CPU
		{43C420AC-3009-4BA4-86B0-59D396B77252}.Release|Any CPU.ActiveCfg = Release|Any CPU
		{43C420AC-3009-4BA4-86B0-59D396B77252}.Release|Any CPU.Build.0 = Release|Any CPU
		{4B41DEA7-84EC-6333-FBD7-088770D732F7}.Debug|Any CPU.ActiveCfg = Debug|Any CPU
		{4B41DEA7-84EC-6333-FBD7-088770D732F7}.Debug|Any CPU.Build.0 = Debug|Any CPU
		{4B41DEA7-84EC-6333-FBD7-088770D732F7}.Release|Any CPU.ActiveCfg = Release|Any CPU
		{4B41DEA7-84EC-6333-FBD7-088770D732F7}.Release|Any CPU.Build.0 = Release|Any CPU
		{D1160859-3A5D-E0BC-8243-A628D7C99AA2}.Debug|Any CPU.ActiveCfg = Debug|Any CPU
		{D1160859-3A5D-E0BC-8243-A628D7C99AA2}.Debug|Any CPU.Build.0 = Debug|Any CPU
		{D1160859-3A5D-E0BC-8243-A628D7C99AA2}.Release|Any CPU.ActiveCfg = Release|Any CPU
		{D1160859-3A5D-E0BC-8243-A628D7C99AA2}.Release|Any CPU.Build.0 = Release|Any CPU
		{F2272BE6-BBAD-CD98-BF3F-FA26713E2840}.Debug|Any CPU.ActiveCfg = Debug|Any CPU
		{F2272BE6-BBAD-CD98-BF3F-FA26713E2840}.Debug|Any CPU.Build.0 = Debug|Any CPU
		{F2272BE6-BBAD-CD98-BF3F-FA26713E2840}.Release|Any CPU.ActiveCfg = Release|Any CPU
		{F2272BE6-BBAD-CD98-BF3F-FA26713E2840}.Release|Any CPU.Build.0 = Release|Any CPU
		{D708140C-2E2C-FDE4-30D7-4AA4196DC7F3}.Debug|Any CPU.ActiveCfg = Debug|Any CPU
		{D708140C-2E2C-FDE4-30D7-4AA4196DC7F3}.Debug|Any CPU.Build.0 = Debug|Any CPU
		{D708140C-2E2C-FDE4-30D7-4AA4196DC7F3}.Release|Any CPU.ActiveCfg = Release|Any CPU
		{D708140C-2E2C-FDE4-30D7-4AA4196DC7F3}.Release|Any CPU.Build.0 = Release|Any CPU
		{A310D1C5-E231-334A-8A0E-27364DA4AEF2}.Debug|Any CPU.ActiveCfg = Debug|Any CPU
		{A310D1C5-E231-334A-8A0E-27364DA4AEF2}.Debug|Any CPU.Build.0 = Debug|Any CPU
		{A310D1C5-E231-334A-8A0E-27364DA4AEF2}.Release|Any CPU.ActiveCfg = Release|Any CPU
		{A310D1C5-E231-334A-8A0E-27364DA4AEF2}.Release|Any CPU.Build.0 = Release|Any CPU
		{4CFBCF8B-CB5D-0B15-E545-D5217E7B68DB}.Debug|Any CPU.ActiveCfg = Debug|Any CPU
		{4CFBCF8B-CB5D-0B15-E545-D5217E7B68DB}.Debug|Any CPU.Build.0 = Debug|Any CPU
		{4CFBCF8B-CB5D-0B15-E545-D5217E7B68DB}.Release|Any CPU.ActiveCfg = Release|Any CPU
		{4CFBCF8B-CB5D-0B15-E545-D5217E7B68DB}.Release|Any CPU.Build.0 = Release|Any CPU
		{2DF9FC7D-88CB-4966-4571-8B2919100BE0}.Debug|Any CPU.ActiveCfg = Debug|Any CPU
		{2DF9FC7D-88CB-4966-4571-8B2919100BE0}.Debug|Any CPU.Build.0 = Debug|Any CPU
		{2DF9FC7D-88CB-4966-4571-8B2919100BE0}.Release|Any CPU.ActiveCfg = Release|Any CPU
		{2DF9FC7D-88CB-4966-4571-8B2919100BE0}.Release|Any CPU.Build.0 = Release|Any CPU
		{58ABE759-0715-80C2-60A2-A3C9C7749F2B}.Debug|Any CPU.ActiveCfg = Debug|Any CPU
		{58ABE759-0715-80C2-60A2-A3C9C7749F2B}.Debug|Any CPU.Build.0 = Debug|Any CPU
		{58ABE759-0715-80C2-60A2-A3C9C7749F2B}.Release|Any CPU.ActiveCfg = Release|Any CPU
		{58ABE759-0715-80C2-60A2-A3C9C7749F2B}.Release|Any CPU.Build.0 = Release|Any CPU
		{70447702-5B2A-F283-22C6-8FCE27F2321C}.Debug|Any CPU.ActiveCfg = Debug|Any CPU
		{70447702-5B2A-F283-22C6-8FCE27F2321C}.Debug|Any CPU.Build.0 = Debug|Any CPU
		{70447702-5B2A-F283-22C6-8FCE27F2321C}.Release|Any CPU.ActiveCfg = Release|Any CPU
		{70447702-5B2A-F283-22C6-8FCE27F2321C}.Release|Any CPU.Build.0 = Release|Any CPU
	EndGlobalSection
	GlobalSection(SolutionProperties) = preSolution
		HideSolutionNode = FALSE
	EndGlobalSection
EndGlobal
