
Microsoft Visual Studio Solution File, Format Version 12.00
# Visual Studio 15
Project("{FAE04EC0-301F-11D3-BF4B-00C04F79EFBC}") = "Unity.Timeline", "Unity.Timeline.csproj", "{DDD21FA5-A2C5-87AF-0A48-EE185981F3C6}"
EndProject
Project("{FAE04EC0-301F-11D3-BF4B-00C04F79EFBC}") = "Unity.Timeline.Editor", "Unity.Timeline.Editor.csproj", "{6D58AC88-4181-A7D2-0C78-F1DE05BE999E}"
EndProject
Project("{FAE04EC0-301F-11D3-BF4B-00C04F79EFBC}") = "Unity.TerrainTools.Editor", "Unity.TerrainTools.Editor.csproj", "{4E6AE966-A18A-2ED0-084F-914EE86B2CAA}"
EndProject
Project("{FAE04EC0-301F-11D3-BF4B-00C04F79EFBC}") = "Unity.TextMeshPro.Editor", "Unity.TextMeshPro.Editor.csproj", "{B3EB2D1D-969A-DF79-DDDF-3813E49A92F5}"
EndProject
Project("{FAE04EC0-301F-11D3-BF4B-00C04F79EFBC}") = "Unity.VisualScripting.Flow", "Unity.VisualScripting.Flow.csproj", "{96E51F28-0C6C-A12A-EA78-281BDB5A4252}"
EndProject
Project("{FAE04EC0-301F-11D3-BF4B-00C04F79EFBC}") = "UnityEditor.UI", "UnityEditor.UI.csproj", "{E08DDCC7-48BF-0C94-CD5F-9190B702A322}"
EndProject
Project("{FAE04EC0-301F-11D3-BF4B-00C04F79EFBC}") = "Unity.ProBuilder", "Unity.ProBuilder.csproj", "{E10747C9-7CD0-FED1-CE4E-1B86EE107CF2}"
EndProject
Project("{FAE04EC0-301F-11D3-BF4B-00C04F79EFBC}") = "Unity.PlasticSCM.Editor", "Unity.PlasticSCM.Editor.csproj", "{CD69C9FE-2515-38BC-9328-A7EEBFA6D058}"
EndProject
Project("{FAE04EC0-301F-11D3-BF4B-00C04F79EFBC}") = "Unity.ProBuilder.Editor", "Unity.ProBuilder.Editor.csproj", "{AFDAB466-BA16-8A10-ECE9-4293A4FCAE29}"
EndProject
Project("{FAE04EC0-301F-11D3-BF4B-00C04F79EFBC}") = "Unity.VisualScripting.Core", "Unity.VisualScripting.Core.csproj", "{4085B926-C2B9-59D0-4761-CB1CF50C778E}"
EndProject
Project("{FAE04EC0-301F-11D3-BF4B-00C04F79EFBC}") = "Cinemachine", "Cinemachine.csproj", "{8B58A21B-1AA7-619B-2B1C-7B2CE26CDF23}"
EndProject
Project("{FAE04EC0-301F-11D3-BF4B-00C04F79EFBC}") = "Unity.VisualScripting.Core.Editor", "Unity.VisualScripting.Core.Editor.csproj", "{982FB661-B82E-7C2C-B17E-0954E27ABB9C}"
EndProject
Project("{FAE04EC0-301F-11D3-BF4B-00C04F79EFBC}") = "Unity.VisualScripting.Flow.Editor", "Unity.VisualScripting.Flow.Editor.csproj", "{A2F94A0A-B6EB-B957-970C-43D9E670E0D1}"
EndProject
Project("{FAE04EC0-301F-11D3-BF4B-00C04F79EFBC}") = "UnityEditor.TestRunner", "UnityEditor.TestRunner.csproj", "{B289F0F3-DD8C-A004-84EB-9D7E9EC74B6E}"
EndProject
Project("{FAE04EC0-301F-11D3-BF4B-00C04F79EFBC}") = "Unity.ProBuilder.Poly2Tri", "Unity.ProBuilder.Poly2Tri.csproj", "{CBC4A5B1-E881-97E9-453F-6635820C1704}"
EndProject
Project("{FAE04EC0-301F-11D3-BF4B-00C04F79EFBC}") = "Unity.VisualScripting.SettingsProvider.Editor", "Unity.VisualScripting.SettingsProvider.Editor.csproj", "{ECC39395-FFB3-9907-5CE9-9C2ECEB23616}"
EndProject
Project("{FAE04EC0-301F-11D3-BF4B-00C04F79EFBC}") = "UnityEngine.TestRunner", "UnityEngine.TestRunner.csproj", "{E7E42E68-7BCF-20E8-6876-450A82C2039F}"
EndProject
Project("{FAE04EC0-301F-11D3-BF4B-00C04F79EFBC}") = "UnityEngine.UI", "UnityEngine.UI.csproj", "{651FEA50-5F16-7689-9089-9CB977FF34A0}"
EndProject
Project("{FAE04EC0-301F-11D3-BF4B-00C04F79EFBC}") = "Unity.ProBuilder.Csg", "Unity.ProBuilder.Csg.csproj", "{CEEB83F5-F816-AA0B-1207-616DE50FC552}"
EndProject
Project("{FAE04EC0-301F-11D3-BF4B-00C04F79EFBC}") = "Unity.AI.Navigation.Editor", "Unity.AI.Navigation.Editor.csproj", "{8C4DC18C-B1D9-E4C6-C141-5F5A6BF103B9}"
EndProject
Project("{FAE04EC0-301F-11D3-BF4B-00C04F79EFBC}") = "Unity.VisualStudio.Editor", "Unity.VisualStudio.Editor.csproj", "{ACF9CE24-69B1-A172-3BCD-2F65E1F00070}"
EndProject
Project("{FAE04EC0-301F-11D3-BF4B-00C04F79EFBC}") = "Assembly-CSharp", "Assembly-CSharp.csproj", "{A2F5B101-7DE3-F8A7-A8D3-49D519F6E465}"
EndProject
Project("{FAE04EC0-301F-11D3-BF4B-00C04F79EFBC}") = "com.unity.cinemachine.editor", "com.unity.cinemachine.editor.csproj", "{0EC46B30-7E9D-41B3-F8A5-E8EA7D6605B8}"
EndProject
Project("{FAE04EC0-301F-11D3-BF4B-00C04F79EFBC}") = "Unity.TestTools.CodeCoverage.Editor.OpenCover.Model", "Unity.TestTools.CodeCoverage.Editor.OpenCover.Model.csproj", "{B0ABE3D8-5C06-0375-6036-3A06138F66CC}"
EndProject
Project("{FAE04EC0-301F-11D3-BF4B-00C04F79EFBC}") = "Unity.Rider.Editor", "Unity.Rider.Editor.csproj", "{37E7D248-A297-4CBD-313B-7232D11EBBFD}"
EndProject
Project("{FAE04EC0-301F-11D3-BF4B-00C04F79EFBC}") = "Unity.AI.Navigation", "Unity.AI.Navigation.csproj", "{F434A125-6E74-1BC0-BEA1-D4A8C16C8BB4}"
EndProject
Project("{FAE04EC0-301F-11D3-BF4B-00C04F79EFBC}") = "Unity.AI.Navigation.Editor.ConversionSystem", "Unity.AI.Navigation.Editor.ConversionSystem.csproj", "{29246457-E264-488B-1C31-9527F2EA993B}"
EndProject
Project("{FAE04EC0-301F-11D3-BF4B-00C04F79EFBC}") = "Unity.VisualScripting.State.Editor", "Unity.VisualScripting.State.Editor.csproj", "{62AF5610-7169-E774-6A05-925628ED2E74}"
EndProject
Project("{FAE04EC0-301F-11D3-BF4B-00C04F79EFBC}") = "Unity.TestTools.CodeCoverage.Editor", "Unity.TestTools.CodeCoverage.Editor.csproj", "{2F1F7E9D-4C4E-5814-486B-4F1E13670285}"
EndProject
Project("{FAE04EC0-301F-11D3-BF4B-00C04F79EFBC}") = "Unity.VisualScripting.State", "Unity.VisualScripting.State.csproj", "{62AA97AD-4D2F-8EB2-CAC4-70A9DB8F30C4}"
EndProject
Project("{FAE04EC0-301F-11D3-BF4B-00C04F79EFBC}") = "Unity.TextMeshPro", "Unity.TextMeshPro.csproj", "{3FEC8FBD-BF72-2864-D50E-38BE8C2593CE}"
EndProject
Project("{FAE04EC0-301F-11D3-BF4B-00C04F79EFBC}") = "Unity.Performance.Profile-Analyzer.Editor", "Unity.Performance.Profile-Analyzer.Editor.csproj", "{3E544378-219F-CC6C-7C3C-17470B1E3965}"
EndProject
Project("{FAE04EC0-301F-11D3-BF4B-00C04F79EFBC}") = "Unity.VSCode.Editor", "Unity.VSCode.Editor.csproj", "{A2656C29-6EB3-8737-18E4-82DC3A126272}"
EndProject
Project("{FAE04EC0-301F-11D3-BF4B-00C04F79EFBC}") = "Unity.TestTools.CodeCoverage.Editor.OpenCover.Mono.Reflection", "Unity.TestTools.CodeCoverage.Editor.OpenCover.Mono.Reflection.csproj", "{9454FC46-501B-C7A3-BD49-815DD092539B}"
EndProject
Project("{FAE04EC0-301F-11D3-BF4B-00C04F79EFBC}") = "Unity.TerrainTools", "Unity.TerrainTools.csproj", "{88323378-F39A-71F2-054A-EBEC8DC12F65}"
EndProject
Project("{FAE04EC0-301F-11D3-BF4B-00C04F79EFBC}") = "Unity.AI.Navigation.Updater", "Unity.AI.Navigation.Updater.csproj", "{70DD5711-B042-ED63-C6DA-927AAFB02C97}"
EndProject
Project("{FAE04EC0-301F-11D3-BF4B-00C04F79EFBC}") = "Unity.ProBuilder.Stl", "Unity.ProBuilder.Stl.csproj", "{4EF8BE5C-5FB1-E919-952A-8733CCD0605D}"
EndProject
Project("{FAE04EC0-301F-11D3-BF4B-00C04F79EFBC}") = "Unity.Settings.Editor", "Unity.Settings.Editor.csproj", "{57C25481-0513-92D9-5E70-AA399D16BF00}"
EndProject
Project("{FAE04EC0-301F-11D3-BF4B-00C04F79EFBC}") = "Unity.ProBuilder.AssetIdRemapUtility", "Unity.ProBuilder.AssetIdRemapUtility.csproj", "{13E0EEE9-100C-A052-7738-FE15BF8521DB}"
EndProject
Project("{FAE04EC0-301F-11D3-BF4B-00C04F79EFBC}") = "Unity.ProBuilder.KdTree", "Unity.ProBuilder.KdTree.csproj", "{D1948876-5D9B-50E8-29E4-F8E77700EABF}"
EndProject
Project("{FAE04EC0-301F-11D3-BF4B-00C04F79EFBC}") = "Unity.ProBuilder.AddOns.Editor", "Unity.ProBuilder.AddOns.Editor.csproj", "{1592931E-BA98-6C48-0A87-86CCA9CD1F2D}"
EndProject
Project("{FAE04EC0-301F-11D3-BF4B-00C04F79EFBC}") = "Unity.EditorCoroutines.Editor", "Unity.EditorCoroutines.Editor.csproj", "{EC603795-AA23-ECD0-861F-06D14FECFCDF}"
EndProject
Project("{FAE04EC0-301F-11D3-BF4B-00C04F79EFBC}") = "Assembly-CSharp-Editor", "Assembly-CSharp-Editor.csproj", "{F8A5C2DA-C0CE-CE0B-39C8-B208898062B2}"
EndProject
Project("{FAE04EC0-301F-11D3-BF4B-00C04F79EFBC}") = "Unity.VisualScripting.Shared.Editor", "Unity.VisualScripting.Shared.Editor.csproj", "{F62F527A-0EBA-6789-05D5-834C41EDD95C}"
EndProject
Project("{FAE04EC0-301F-11D3-BF4B-00C04F79EFBC}") = "Unity.CollabProxy.Editor", "Unity.CollabProxy.Editor.csproj", "{D1B91FA9-4276-FA17-80FB-2F47CE391A70}"
EndProject
Project("{FAE04EC0-301F-11D3-BF4B-00C04F79EFBC}") = "Unity.Timeline", "Unity.Timeline.Player.csproj", "{1FF0AD13-C43C-2B39-0B09-0E9FCE261373}"
EndProject
Project("{FAE04EC0-301F-11D3-BF4B-00C04F79EFBC}") = "Unity.VisualScripting.Flow", "Unity.VisualScripting.Flow.Player.csproj", "{DDF9F66F-9EB3-B5CB-BD77-0171DD4CB2CB}"
EndProject
Project("{FAE04EC0-301F-11D3-BF4B-00C04F79EFBC}") = "Unity.ProBuilder", "Unity.ProBuilder.Player.csproj", "{1F162006-F589-BFA5-632A-D59313E354F1}"
EndProject
Project("{FAE04EC0-301F-11D3-BF4B-00C04F79EFBC}") = "Unity.VisualScripting.Core", "Unity.VisualScripting.Core.Player.csproj", "{52FE4903-EE4E-2D15-ADF9-E72AE05B3050}"
EndProject
Project("{FAE04EC0-301F-11D3-BF4B-00C04F79EFBC}") = "Cinemachine", "Cinemachine.Player.csproj", "{B1A7AB67-2230-36E6-82D1-A02AA8D430B8}"
EndProject
Project("{FAE04EC0-301F-11D3-BF4B-00C04F79EFBC}") = "Unity.ProBuilder.Poly2Tri", "Unity.ProBuilder.Poly2Tri.Player.csproj", "{F31D2944-BB68-E32A-FF84-1006AFDE0043}"
EndProject
Project("{FAE04EC0-301F-11D3-BF4B-00C04F79EFBC}") = "UnityEngine.TestRunner", "UnityEngine.TestRunner.Player.csproj", "{B1B1CC90-275B-2970-DDBD-DFC17F3D5CBF}"
EndProject
Project("{FAE04EC0-301F-11D3-BF4B-00C04F79EFBC}") = "UnityEngine.UI", "UnityEngine.UI.Player.csproj", "{DCBC85EA-0D32-F178-DB90-8D38E9E1D8DF}"
EndProject
Project("{FAE04EC0-301F-11D3-BF4B-00C04F79EFBC}") = "Unity.ProBuilder.Csg", "Unity.ProBuilder.Csg.Player.csproj", "{9CEACEF0-2665-A1AB-00A1-27AD335E1B7C}"
EndProject
Project("{FAE04EC0-301F-11D3-BF4B-00C04F79EFBC}") = "Assembly-CSharp", "Assembly-CSharp.Player.csproj", "{5A1D4AD9-2AA9-6DB5-A901-7932345D96FC}"
EndProject
Project("{FAE04EC0-301F-11D3-BF4B-00C04F79EFBC}") = "Unity.AI.Navigation", "Unity.AI.Navigation.Player.csproj", "{A1C92212-5758-B4A0-FE13-0419B3A1720B}"
EndProject
Project("{FAE04EC0-301F-11D3-BF4B-00C04F79EFBC}") = "Unity.VisualScripting.State", "Unity.VisualScripting.State.Player.csproj", "{246C2504-AEDD-E141-1E93-AEEBD1D87871}"
EndProject
Project("{FAE04EC0-301F-11D3-BF4B-00C04F79EFBC}") = "Unity.TextMeshPro", "Unity.TextMeshPro.Player.csproj", "{B17284A2-5834-A5FE-469F-E0A6FC97FF92}"
EndProject
Project("{FAE04EC0-301F-11D3-BF4B-00C04F79EFBC}") = "Unity.TerrainTools", "Unity.TerrainTools.Player.csproj", "{E2C9FF72-6EB3-0C40-88E3-6AB337879DA9}"
EndProject
Project("{FAE04EC0-301F-11D3-BF4B-00C04F79EFBC}") = "Unity.ProBuilder.Stl", "Unity.ProBuilder.Stl.Player.csproj", "{3C8775B8-EA45-B882-36D0-CDE5D6D08843}"
EndProject
Project("{FAE04EC0-301F-11D3-BF4B-00C04F79EFBC}") = "Unity.ProBuilder.KdTree", "Unity.ProBuilder.KdTree.Player.csproj", "{EFCEF48F-5771-963B-3C3C-EE376DEA0466}"
EndProject
Global
	GlobalSection(SolutionConfigurationPlatforms) = preSolution
		Debug|Any CPU = Debug|Any CPU
		Release|Any CPU = Release|Any CPU
	EndGlobalSection
	GlobalSection(ProjectConfigurationPlatforms) = postSolution
		{DDD21FA5-A2C5-87AF-0A48-EE185981F3C6}.Debug|Any CPU.ActiveCfg = Debug|Any CPU
		{DDD21FA5-A2C5-87AF-0A48-EE185981F3C6}.Debug|Any CPU.Build.0 = Debug|Any CPU
		{DDD21FA5-A2C5-87AF-0A48-EE185981F3C6}.Release|Any CPU.ActiveCfg = Release|Any CPU
		{DDD21FA5-A2C5-87AF-0A48-EE185981F3C6}.Release|Any CPU.Build.0 = Release|Any CPU
		{6D58AC88-4181-A7D2-0C78-F1DE05BE999E}.Debug|Any CPU.ActiveCfg = Debug|Any CPU
		{6D58AC88-4181-A7D2-0C78-F1DE05BE999E}.Debug|Any CPU.Build.0 = Debug|Any CPU
		{6D58AC88-4181-A7D2-0C78-F1DE05BE999E}.Release|Any CPU.ActiveCfg = Release|Any CPU
		{6D58AC88-4181-A7D2-0C78-F1DE05BE999E}.Release|Any CPU.Build.0 = Release|Any CPU
		{4E6AE966-A18A-2ED0-084F-914EE86B2CAA}.Debug|Any CPU.ActiveCfg = Debug|Any CPU
		{4E6AE966-A18A-2ED0-084F-914EE86B2CAA}.Debug|Any CPU.Build.0 = Debug|Any CPU
		{4E6AE966-A18A-2ED0-084F-914EE86B2CAA}.Release|Any CPU.ActiveCfg = Release|Any CPU
		{4E6AE966-A18A-2ED0-084F-914EE86B2CAA}.Release|Any CPU.Build.0 = Release|Any CPU
		{B3EB2D1D-969A-DF79-DDDF-3813E49A92F5}.Debug|Any CPU.ActiveCfg = Debug|Any CPU
		{B3EB2D1D-969A-DF79-DDDF-3813E49A92F5}.Debug|Any CPU.Build.0 = Debug|Any CPU
		{B3EB2D1D-969A-DF79-DDDF-3813E49A92F5}.Release|Any CPU.ActiveCfg = Release|Any CPU
		{B3EB2D1D-969A-DF79-DDDF-3813E49A92F5}.Release|Any CPU.Build.0 = Release|Any CPU
		{96E51F28-0C6C-A12A-EA78-281BDB5A4252}.Debug|Any CPU.ActiveCfg = Debug|Any CPU
		{96E51F28-0C6C-A12A-EA78-281BDB5A4252}.Debug|Any CPU.Build.0 = Debug|Any CPU
		{96E51F28-0C6C-A12A-EA78-281BDB5A4252}.Release|Any CPU.ActiveCfg = Release|Any CPU
		{96E51F28-0C6C-A12A-EA78-281BDB5A4252}.Release|Any CPU.Build.0 = Release|Any CPU
		{E08DDCC7-48BF-0C94-CD5F-9190B702A322}.Debug|Any CPU.ActiveCfg = Debug|Any CPU
		{E08DDCC7-48BF-0C94-CD5F-9190B702A322}.Debug|Any CPU.Build.0 = Debug|Any CPU
		{E08DDCC7-48BF-0C94-CD5F-9190B702A322}.Release|Any CPU.ActiveCfg = Release|Any CPU
		{E08DDCC7-48BF-0C94-CD5F-9190B702A322}.Release|Any CPU.Build.0 = Release|Any CPU
		{E10747C9-7CD0-FED1-CE4E-1B86EE107CF2}.Debug|Any CPU.ActiveCfg = Debug|Any CPU
		{E10747C9-7CD0-FED1-CE4E-1B86EE107CF2}.Debug|Any CPU.Build.0 = Debug|Any CPU
		{E10747C9-7CD0-FED1-CE4E-1B86EE107CF2}.Release|Any CPU.ActiveCfg = Release|Any CPU
		{E10747C9-7CD0-FED1-CE4E-1B86EE107CF2}.Release|Any CPU.Build.0 = Release|Any CPU
		{CD69C9FE-2515-38BC-9328-A7EEBFA6D058}.Debug|Any CPU.ActiveCfg = Debug|Any CPU
		{CD69C9FE-2515-38BC-9328-A7EEBFA6D058}.Debug|Any CPU.Build.0 = Debug|Any CPU
		{CD69C9FE-2515-38BC-9328-A7EEBFA6D058}.Release|Any CPU.ActiveCfg = Release|Any CPU
		{CD69C9FE-2515-38BC-9328-A7EEBFA6D058}.Release|Any CPU.Build.0 = Release|Any CPU
		{AFDAB466-BA16-8A10-ECE9-4293A4FCAE29}.Debug|Any CPU.ActiveCfg = Debug|Any CPU
		{AFDAB466-BA16-8A10-ECE9-4293A4FCAE29}.Debug|Any CPU.Build.0 = Debug|Any CPU
		{AFDAB466-BA16-8A10-ECE9-4293A4FCAE29}.Release|Any CPU.ActiveCfg = Release|Any CPU
		{AFDAB466-BA16-8A10-ECE9-4293A4FCAE29}.Release|Any CPU.Build.0 = Release|Any CPU
		{4085B926-C2B9-59D0-4761-CB1CF50C778E}.Debug|Any CPU.ActiveCfg = Debug|Any CPU
		{4085B926-C2B9-59D0-4761-CB1CF50C778E}.Debug|Any CPU.Build.0 = Debug|Any CPU
		{4085B926-C2B9-59D0-4761-CB1CF50C778E}.Release|Any CPU.ActiveCfg = Release|Any CPU
		{4085B926-C2B9-59D0-4761-CB1CF50C778E}.Release|Any CPU.Build.0 = Release|Any CPU
		{8B58A21B-1AA7-619B-2B1C-7B2CE26CDF23}.Debug|Any CPU.ActiveCfg = Debug|Any CPU
		{8B58A21B-1AA7-619B-2B1C-7B2CE26CDF23}.Debug|Any CPU.Build.0 = Debug|Any CPU
		{8B58A21B-1AA7-619B-2B1C-7B2CE26CDF23}.Release|Any CPU.ActiveCfg = Release|Any CPU
		{8B58A21B-1AA7-619B-2B1C-7B2CE26CDF23}.Release|Any CPU.Build.0 = Release|Any CPU
		{982FB661-B82E-7C2C-B17E-0954E27ABB9C}.Debug|Any CPU.ActiveCfg = Debug|Any CPU
		{982FB661-B82E-7C2C-B17E-0954E27ABB9C}.Debug|Any CPU.Build.0 = Debug|Any CPU
		{982FB661-B82E-7C2C-B17E-0954E27ABB9C}.Release|Any CPU.ActiveCfg = Release|Any CPU
		{982FB661-B82E-7C2C-B17E-0954E27ABB9C}.Release|Any CPU.Build.0 = Release|Any CPU
		{A2F94A0A-B6EB-B957-970C-43D9E670E0D1}.Debug|Any CPU.ActiveCfg = Debug|Any CPU
		{A2F94A0A-B6EB-B957-970C-43D9E670E0D1}.Debug|Any CPU.Build.0 = Debug|Any CPU
		{A2F94A0A-B6EB-B957-970C-43D9E670E0D1}.Release|Any CPU.ActiveCfg = Release|Any CPU
		{A2F94A0A-B6EB-B957-970C-43D9E670E0D1}.Release|Any CPU.Build.0 = Release|Any CPU
		{B289F0F3-DD8C-A004-84EB-9D7E9EC74B6E}.Debug|Any CPU.ActiveCfg = Debug|Any CPU
		{B289F0F3-DD8C-A004-84EB-9D7E9EC74B6E}.Debug|Any CPU.Build.0 = Debug|Any CPU
		{B289F0F3-DD8C-A004-84EB-9D7E9EC74B6E}.Release|Any CPU.ActiveCfg = Release|Any CPU
		{B289F0F3-DD8C-A004-84EB-9D7E9EC74B6E}.Release|Any CPU.Build.0 = Release|Any CPU
		{CBC4A5B1-E881-97E9-453F-6635820C1704}.Debug|Any CPU.ActiveCfg = Debug|Any CPU
		{CBC4A5B1-E881-97E9-453F-6635820C1704}.Debug|Any CPU.Build.0 = Debug|Any CPU
		{CBC4A5B1-E881-97E9-453F-6635820C1704}.Release|Any CPU.ActiveCfg = Release|Any CPU
		{CBC4A5B1-E881-97E9-453F-6635820C1704}.Release|Any CPU.Build.0 = Release|Any CPU
		{ECC39395-FFB3-9907-5CE9-9C2ECEB23616}.Debug|Any CPU.ActiveCfg = Debug|Any CPU
		{ECC39395-FFB3-9907-5CE9-9C2ECEB23616}.Debug|Any CPU.Build.0 = Debug|Any CPU
		{ECC39395-FFB3-9907-5CE9-9C2ECEB23616}.Release|Any CPU.ActiveCfg = Release|Any CPU
		{ECC39395-FFB3-9907-5CE9-9C2ECEB23616}.Release|Any CPU.Build.0 = Release|Any CPU
		{E7E42E68-7BCF-20E8-6876-450A82C2039F}.Debug|Any CPU.ActiveCfg = Debug|Any CPU
		{E7E42E68-7BCF-20E8-6876-450A82C2039F}.Debug|Any CPU.Build.0 = Debug|Any CPU
		{E7E42E68-7BCF-20E8-6876-450A82C2039F}.Release|Any CPU.ActiveCfg = Release|Any CPU
		{E7E42E68-7BCF-20E8-6876-450A82C2039F}.Release|Any CPU.Build.0 = Release|Any CPU
		{651FEA50-5F16-7689-9089-9CB977FF34A0}.Debug|Any CPU.ActiveCfg = Debug|Any CPU
		{651FEA50-5F16-7689-9089-9CB977FF34A0}.Debug|Any CPU.Build.0 = Debug|Any CPU
		{651FEA50-5F16-7689-9089-9CB977FF34A0}.Release|Any CPU.ActiveCfg = Release|Any CPU
		{651FEA50-5F16-7689-9089-9CB977FF34A0}.Release|Any CPU.Build.0 = Release|Any CPU
		{CEEB83F5-F816-AA0B-1207-616DE50FC552}.Debug|Any CPU.ActiveCfg = Debug|Any CPU
		{CEEB83F5-F816-AA0B-1207-616DE50FC552}.Debug|Any CPU.Build.0 = Debug|Any CPU
		{CEEB83F5-F816-AA0B-1207-616DE50FC552}.Release|Any CPU.ActiveCfg = Release|Any CPU
		{CEEB83F5-F816-AA0B-1207-616DE50FC552}.Release|Any CPU.Build.0 = Release|Any CPU
		{8C4DC18C-B1D9-E4C6-C141-5F5A6BF103B9}.Debug|Any CPU.ActiveCfg = Debug|Any CPU
		{8C4DC18C-B1D9-E4C6-C141-5F5A6BF103B9}.Debug|Any CPU.Build.0 = Debug|Any CPU
		{8C4DC18C-B1D9-E4C6-C141-5F5A6BF103B9}.Release|Any CPU.ActiveCfg = Release|Any CPU
		{8C4DC18C-B1D9-E4C6-C141-5F5A6BF103B9}.Release|Any CPU.Build.0 = Release|Any CPU
		{ACF9CE24-69B1-A172-3BCD-2F65E1F00070}.Debug|Any CPU.ActiveCfg = Debug|Any CPU
		{ACF9CE24-69B1-A172-3BCD-2F65E1F00070}.Debug|Any CPU.Build.0 = Debug|Any CPU
		{ACF9CE24-69B1-A172-3BCD-2F65E1F00070}.Release|Any CPU.ActiveCfg = Release|Any CPU
		{ACF9CE24-69B1-A172-3BCD-2F65E1F00070}.Release|Any CPU.Build.0 = Release|Any CPU
		{A2F5B101-7DE3-F8A7-A8D3-49D519F6E465}.Debug|Any CPU.ActiveCfg = Debug|Any CPU
		{A2F5B101-7DE3-F8A7-A8D3-49D519F6E465}.Debug|Any CPU.Build.0 = Debug|Any CPU
		{A2F5B101-7DE3-F8A7-A8D3-49D519F6E465}.Release|Any CPU.ActiveCfg = Release|Any CPU
		{A2F5B101-7DE3-F8A7-A8D3-49D519F6E465}.Release|Any CPU.Build.0 = Release|Any CPU
		{0EC46B30-7E9D-41B3-F8A5-E8EA7D6605B8}.Debug|Any CPU.ActiveCfg = Debug|Any CPU
		{0EC46B30-7E9D-41B3-F8A5-E8EA7D6605B8}.Debug|Any CPU.Build.0 = Debug|Any CPU
		{0EC46B30-7E9D-41B3-F8A5-E8EA7D6605B8}.Release|Any CPU.ActiveCfg = Release|Any CPU
		{0EC46B30-7E9D-41B3-F8A5-E8EA7D6605B8}.Release|Any CPU.Build.0 = Release|Any CPU
		{B0ABE3D8-5C06-0375-6036-3A06138F66CC}.Debug|Any CPU.ActiveCfg = Debug|Any CPU
		{B0ABE3D8-5C06-0375-6036-3A06138F66CC}.Debug|Any CPU.Build.0 = Debug|Any CPU
		{B0ABE3D8-5C06-0375-6036-3A06138F66CC}.Release|Any CPU.ActiveCfg = Release|Any CPU
		{B0ABE3D8-5C06-0375-6036-3A06138F66CC}.Release|Any CPU.Build.0 = Release|Any CPU
		{37E7D248-A297-4CBD-313B-7232D11EBBFD}.Debug|Any CPU.ActiveCfg = Debug|Any CPU
		{37E7D248-A297-4CBD-313B-7232D11EBBFD}.Debug|Any CPU.Build.0 = Debug|Any CPU
		{37E7D248-A297-4CBD-313B-7232D11EBBFD}.Release|Any CPU.ActiveCfg = Release|Any CPU
		{37E7D248-A297-4CBD-313B-7232D11EBBFD}.Release|Any CPU.Build.0 = Release|Any CPU
		{F434A125-6E74-1BC0-BEA1-D4A8C16C8BB4}.Debug|Any CPU.ActiveCfg = Debug|Any CPU
		{F434A125-6E74-1BC0-BEA1-D4A8C16C8BB4}.Debug|Any CPU.Build.0 = Debug|Any CPU
		{F434A125-6E74-1BC0-BEA1-D4A8C16C8BB4}.Release|Any CPU.ActiveCfg = Release|Any CPU
		{F434A125-6E74-1BC0-BEA1-D4A8C16C8BB4}.Release|Any CPU.Build.0 = Release|Any CPU
		{29246457-E264-488B-1C31-9527F2EA993B}.Debug|Any CPU.ActiveCfg = Debug|Any CPU
		{29246457-E264-488B-1C31-9527F2EA993B}.Debug|Any CPU.Build.0 = Debug|Any CPU
		{29246457-E264-488B-1C31-9527F2EA993B}.Release|Any CPU.ActiveCfg = Release|Any CPU
		{29246457-E264-488B-1C31-9527F2EA993B}.Release|Any CPU.Build.0 = Release|Any CPU
		{62AF5610-7169-E774-6A05-925628ED2E74}.Debug|Any CPU.ActiveCfg = Debug|Any CPU
		{62AF5610-7169-E774-6A05-925628ED2E74}.Debug|Any CPU.Build.0 = Debug|Any CPU
		{62AF5610-7169-E774-6A05-925628ED2E74}.Release|Any CPU.ActiveCfg = Release|Any CPU
		{62AF5610-7169-E774-6A05-925628ED2E74}.Release|Any CPU.Build.0 = Release|Any CPU
		{2F1F7E9D-4C4E-5814-486B-4F1E13670285}.Debug|Any CPU.ActiveCfg = Debug|Any CPU
		{2F1F7E9D-4C4E-5814-486B-4F1E13670285}.Debug|Any CPU.Build.0 = Debug|Any CPU
		{2F1F7E9D-4C4E-5814-486B-4F1E13670285}.Release|Any CPU.ActiveCfg = Release|Any CPU
		{2F1F7E9D-4C4E-5814-486B-4F1E13670285}.Release|Any CPU.Build.0 = Release|Any CPU
		{62AA97AD-4D2F-8EB2-CAC4-70A9DB8F30C4}.Debug|Any CPU.ActiveCfg = Debug|Any CPU
		{62AA97AD-4D2F-8EB2-CAC4-70A9DB8F30C4}.Debug|Any CPU.Build.0 = Debug|Any CPU
		{62AA97AD-4D2F-8EB2-CAC4-70A9DB8F30C4}.Release|Any CPU.ActiveCfg = Release|Any CPU
		{62AA97AD-4D2F-8EB2-CAC4-70A9DB8F30C4}.Release|Any CPU.Build.0 = Release|Any CPU
		{3FEC8FBD-BF72-2864-D50E-38BE8C2593CE}.Debug|Any CPU.ActiveCfg = Debug|Any CPU
		{3FEC8FBD-BF72-2864-D50E-38BE8C2593CE}.Debug|Any CPU.Build.0 = Debug|Any CPU
		{3FEC8FBD-BF72-2864-D50E-38BE8C2593CE}.Release|Any CPU.ActiveCfg = Release|Any CPU
		{3FEC8FBD-BF72-2864-D50E-38BE8C2593CE}.Release|Any CPU.Build.0 = Release|Any CPU
		{3E544378-219F-CC6C-7C3C-17470B1E3965}.Debug|Any CPU.ActiveCfg = Debug|Any CPU
		{3E544378-219F-CC6C-7C3C-17470B1E3965}.Debug|Any CPU.Build.0 = Debug|Any CPU
		{3E544378-219F-CC6C-7C3C-17470B1E3965}.Release|Any CPU.ActiveCfg = Release|Any CPU
		{3E544378-219F-CC6C-7C3C-17470B1E3965}.Release|Any CPU.Build.0 = Release|Any CPU
		{A2656C29-6EB3-8737-18E4-82DC3A126272}.Debug|Any CPU.ActiveCfg = Debug|Any CPU
		{A2656C29-6EB3-8737-18E4-82DC3A126272}.Debug|Any CPU.Build.0 = Debug|Any CPU
		{A2656C29-6EB3-8737-18E4-82DC3A126272}.Release|Any CPU.ActiveCfg = Release|Any CPU
		{A2656C29-6EB3-8737-18E4-82DC3A126272}.Release|Any CPU.Build.0 = Release|Any CPU
		{9454FC46-501B-C7A3-BD49-815DD092539B}.Debug|Any CPU.ActiveCfg = Debug|Any CPU
		{9454FC46-501B-C7A3-BD49-815DD092539B}.Debug|Any CPU.Build.0 = Debug|Any CPU
		{9454FC46-501B-C7A3-BD49-815DD092539B}.Release|Any CPU.ActiveCfg = Release|Any CPU
		{9454FC46-501B-C7A3-BD49-815DD092539B}.Release|Any CPU.Build.0 = Release|Any CPU
		{88323378-F39A-71F2-054A-EBEC8DC12F65}.Debug|Any CPU.ActiveCfg = Debug|Any CPU
		{88323378-F39A-71F2-054A-EBEC8DC12F65}.Debug|Any CPU.Build.0 = Debug|Any CPU
		{88323378-F39A-71F2-054A-EBEC8DC12F65}.Release|Any CPU.ActiveCfg = Release|Any CPU
		{88323378-F39A-71F2-054A-EBEC8DC12F65}.Release|Any CPU.Build.0 = Release|Any CPU
		{70DD5711-B042-ED63-C6DA-927AAFB02C97}.Debug|Any CPU.ActiveCfg = Debug|Any CPU
		{70DD5711-B042-ED63-C6DA-927AAFB02C97}.Debug|Any CPU.Build.0 = Debug|Any CPU
		{70DD5711-B042-ED63-C6DA-927AAFB02C97}.Release|Any CPU.ActiveCfg = Release|Any CPU
		{70DD5711-B042-ED63-C6DA-927AAFB02C97}.Release|Any CPU.Build.0 = Release|Any CPU
		{4EF8BE5C-5FB1-E919-952A-8733CCD0605D}.Debug|Any CPU.ActiveCfg = Debug|Any CPU
		{4EF8BE5C-5FB1-E919-952A-8733CCD0605D}.Debug|Any CPU.Build.0 = Debug|Any CPU
		{4EF8BE5C-5FB1-E919-952A-8733CCD0605D}.Release|Any CPU.ActiveCfg = Release|Any CPU
		{4EF8BE5C-5FB1-E919-952A-8733CCD0605D}.Release|Any CPU.Build.0 = Release|Any CPU
		{57C25481-0513-92D9-5E70-AA399D16BF00}.Debug|Any CPU.ActiveCfg = Debug|Any CPU
		{57C25481-0513-92D9-5E70-AA399D16BF00}.Debug|Any CPU.Build.0 = Debug|Any CPU
		{57C25481-0513-92D9-5E70-AA399D16BF00}.Release|Any CPU.ActiveCfg = Release|Any CPU
		{57C25481-0513-92D9-5E70-AA399D16BF00}.Release|Any CPU.Build.0 = Release|Any CPU
		{13E0EEE9-100C-A052-7738-FE15BF8521DB}.Debug|Any CPU.ActiveCfg = Debug|Any CPU
		{13E0EEE9-100C-A052-7738-FE15BF8521DB}.Debug|Any CPU.Build.0 = Debug|Any CPU
		{13E0EEE9-100C-A052-7738-FE15BF8521DB}.Release|Any CPU.ActiveCfg = Release|Any CPU
		{13E0EEE9-100C-A052-7738-FE15BF8521DB}.Release|Any CPU.Build.0 = Release|Any CPU
		{D1948876-5D9B-50E8-29E4-F8E77700EABF}.Debug|Any CPU.ActiveCfg = Debug|Any CPU
		{D1948876-5D9B-50E8-29E4-F8E77700EABF}.Debug|Any CPU.Build.0 = Debug|Any CPU
		{D1948876-5D9B-50E8-29E4-F8E77700EABF}.Release|Any CPU.ActiveCfg = Release|Any CPU
		{D1948876-5D9B-50E8-29E4-F8E77700EABF}.Release|Any CPU.Build.0 = Release|Any CPU
		{1592931E-BA98-6C48-0A87-86CCA9CD1F2D}.Debug|Any CPU.ActiveCfg = Debug|Any CPU
		{1592931E-BA98-6C48-0A87-86CCA9CD1F2D}.Debug|Any CPU.Build.0 = Debug|Any CPU
		{1592931E-BA98-6C48-0A87-86CCA9CD1F2D}.Release|Any CPU.ActiveCfg = Release|Any CPU
		{1592931E-BA98-6C48-0A87-86CCA9CD1F2D}.Release|Any CPU.Build.0 = Release|Any CPU
		{EC603795-AA23-ECD0-861F-06D14FECFCDF}.Debug|Any CPU.ActiveCfg = Debug|Any CPU
		{EC603795-AA23-ECD0-861F-06D14FECFCDF}.Debug|Any CPU.Build.0 = Debug|Any CPU
		{EC603795-AA23-ECD0-861F-06D14FECFCDF}.Release|Any CPU.ActiveCfg = Release|Any CPU
		{EC603795-AA23-ECD0-861F-06D14FECFCDF}.Release|Any CPU.Build.0 = Release|Any CPU
		{F8A5C2DA-C0CE-CE0B-39C8-B208898062B2}.Debug|Any CPU.ActiveCfg = Debug|Any CPU
		{F8A5C2DA-C0CE-CE0B-39C8-B208898062B2}.Debug|Any CPU.Build.0 = Debug|Any CPU
		{F8A5C2DA-C0CE-CE0B-39C8-B208898062B2}.Release|Any CPU.ActiveCfg = Release|Any CPU
		{F8A5C2DA-C0CE-CE0B-39C8-B208898062B2}.Release|Any CPU.Build.0 = Release|Any CPU
		{F62F527A-0EBA-6789-05D5-834C41EDD95C}.Debug|Any CPU.ActiveCfg = Debug|Any CPU
		{F62F527A-0EBA-6789-05D5-834C41EDD95C}.Debug|Any CPU.Build.0 = Debug|Any CPU
		{F62F527A-0EBA-6789-05D5-834C41EDD95C}.Release|Any CPU.ActiveCfg = Release|Any CPU
		{F62F527A-0EBA-6789-05D5-834C41EDD95C}.Release|Any CPU.Build.0 = Release|Any CPU
		{D1B91FA9-4276-FA17-80FB-2F47CE391A70}.Debug|Any CPU.ActiveCfg = Debug|Any CPU
		{D1B91FA9-4276-FA17-80FB-2F47CE391A70}.Debug|Any CPU.Build.0 = Debug|Any CPU
		{D1B91FA9-4276-FA17-80FB-2F47CE391A70}.Release|Any CPU.ActiveCfg = Release|Any CPU
		{D1B91FA9-4276-FA17-80FB-2F47CE391A70}.Release|Any CPU.Build.0 = Release|Any CPU
		{1FF0AD13-C43C-2B39-0B09-0E9FCE261373}.Debug|Any CPU.ActiveCfg = Debug|Any CPU
		{1FF0AD13-C43C-2B39-0B09-0E9FCE261373}.Debug|Any CPU.Build.0 = Debug|Any CPU
		{1FF0AD13-C43C-2B39-0B09-0E9FCE261373}.Release|Any CPU.ActiveCfg = Release|Any CPU
		{1FF0AD13-C43C-2B39-0B09-0E9FCE261373}.Release|Any CPU.Build.0 = Release|Any CPU
		{DDF9F66F-9EB3-B5CB-BD77-0171DD4CB2CB}.Debug|Any CPU.ActiveCfg = Debug|Any CPU
		{DDF9F66F-9EB3-B5CB-BD77-0171DD4CB2CB}.Debug|Any CPU.Build.0 = Debug|Any CPU
		{DDF9F66F-9EB3-B5CB-BD77-0171DD4CB2CB}.Release|Any CPU.ActiveCfg = Release|Any CPU
		{DDF9F66F-9EB3-B5CB-BD77-0171DD4CB2CB}.Release|Any CPU.Build.0 = Release|Any CPU
		{1F162006-F589-BFA5-632A-D59313E354F1}.Debug|Any CPU.ActiveCfg = Debug|Any CPU
		{1F162006-F589-BFA5-632A-D59313E354F1}.Debug|Any CPU.Build.0 = Debug|Any CPU
		{1F162006-F589-BFA5-632A-D59313E354F1}.Release|Any CPU.ActiveCfg = Release|Any CPU
		{1F162006-F589-BFA5-632A-D59313E354F1}.Release|Any CPU.Build.0 = Release|Any CPU
		{52FE4903-EE4E-2D15-ADF9-E72AE05B3050}.Debug|Any CPU.ActiveCfg = Debug|Any CPU
		{52FE4903-EE4E-2D15-ADF9-E72AE05B3050}.Debug|Any CPU.Build.0 = Debug|Any CPU
		{52FE4903-EE4E-2D15-ADF9-E72AE05B3050}.Release|Any CPU.ActiveCfg = Release|Any CPU
		{52FE4903-EE4E-2D15-ADF9-E72AE05B3050}.Release|Any CPU.Build.0 = Release|Any CPU
		{B1A7AB67-2230-36E6-82D1-A02AA8D430B8}.Debug|Any CPU.ActiveCfg = Debug|Any CPU
		{B1A7AB67-2230-36E6-82D1-A02AA8D430B8}.Debug|Any CPU.Build.0 = Debug|Any CPU
		{B1A7AB67-2230-36E6-82D1-A02AA8D430B8}.Release|Any CPU.ActiveCfg = Release|Any CPU
		{B1A7AB67-2230-36E6-82D1-A02AA8D430B8}.Release|Any CPU.Build.0 = Release|Any CPU
		{F31D2944-BB68-E32A-FF84-1006AFDE0043}.Debug|Any CPU.ActiveCfg = Debug|Any CPU
		{F31D2944-BB68-E32A-FF84-1006AFDE0043}.Debug|Any CPU.Build.0 = Debug|Any CPU
		{F31D2944-BB68-E32A-FF84-1006AFDE0043}.Release|Any CPU.ActiveCfg = Release|Any CPU
		{F31D2944-BB68-E32A-FF84-1006AFDE0043}.Release|Any CPU.Build.0 = Release|Any CPU
		{B1B1CC90-275B-2970-DDBD-DFC17F3D5CBF}.Debug|Any CPU.ActiveCfg = Debug|Any CPU
		{B1B1CC90-275B-2970-DDBD-DFC17F3D5CBF}.Debug|Any CPU.Build.0 = Debug|Any CPU
		{B1B1CC90-275B-2970-DDBD-DFC17F3D5CBF}.Release|Any CPU.ActiveCfg = Release|Any CPU
		{B1B1CC90-275B-2970-DDBD-DFC17F3D5CBF}.Release|Any CPU.Build.0 = Release|Any CPU
		{DCBC85EA-0D32-F178-DB90-8D38E9E1D8DF}.Debug|Any CPU.ActiveCfg = Debug|Any CPU
		{DCBC85EA-0D32-F178-DB90-8D38E9E1D8DF}.Debug|Any CPU.Build.0 = Debug|Any CPU
		{DCBC85EA-0D32-F178-DB90-8D38E9E1D8DF}.Release|Any CPU.ActiveCfg = Release|Any CPU
		{DCBC85EA-0D32-F178-DB90-8D38E9E1D8DF}.Release|Any CPU.Build.0 = Release|Any CPU
		{9CEACEF0-2665-A1AB-00A1-27AD335E1B7C}.Debug|Any CPU.ActiveCfg = Debug|Any CPU
		{9CEACEF0-2665-A1AB-00A1-27AD335E1B7C}.Debug|Any CPU.Build.0 = Debug|Any CPU
		{9CEACEF0-2665-A1AB-00A1-27AD335E1B7C}.Release|Any CPU.ActiveCfg = Release|Any CPU
		{9CEACEF0-2665-A1AB-00A1-27AD335E1B7C}.Release|Any CPU.Build.0 = Release|Any CPU
		{5A1D4AD9-2AA9-6DB5-A901-7932345D96FC}.Debug|Any CPU.ActiveCfg = Debug|Any CPU
		{5A1D4AD9-2AA9-6DB5-A901-7932345D96FC}.Debug|Any CPU.Build.0 = Debug|Any CPU
		{5A1D4AD9-2AA9-6DB5-A901-7932345D96FC}.Release|Any CPU.ActiveCfg = Release|Any CPU
		{5A1D4AD9-2AA9-6DB5-A901-7932345D96FC}.Release|Any CPU.Build.0 = Release|Any CPU
		{A1C92212-5758-B4A0-FE13-0419B3A1720B}.Debug|Any CPU.ActiveCfg = Debug|Any CPU
		{A1C92212-5758-B4A0-FE13-0419B3A1720B}.Debug|Any CPU.Build.0 = Debug|Any CPU
		{A1C92212-5758-B4A0-FE13-0419B3A1720B}.Release|Any CPU.ActiveCfg = Release|Any CPU
		{A1C92212-5758-B4A0-FE13-0419B3A1720B}.Release|Any CPU.Build.0 = Release|Any CPU
		{246C2504-AEDD-E141-1E93-AEEBD1D87871}.Debug|Any CPU.ActiveCfg = Debug|Any CPU
		{246C2504-AEDD-E141-1E93-AEEBD1D87871}.Debug|Any CPU.Build.0 = Debug|Any CPU
		{246C2504-AEDD-E141-1E93-AEEBD1D87871}.Release|Any CPU.ActiveCfg = Release|Any CPU
		{246C2504-AEDD-E141-1E93-AEEBD1D87871}.Release|Any CPU.Build.0 = Release|Any CPU
		{B17284A2-5834-A5FE-469F-E0A6FC97FF92}.Debug|Any CPU.ActiveCfg = Debug|Any CPU
		{B17284A2-5834-A5FE-469F-E0A6FC97FF92}.Debug|Any CPU.Build.0 = Debug|Any CPU
		{B17284A2-5834-A5FE-469F-E0A6FC97FF92}.Release|Any CPU.ActiveCfg = Release|Any CPU
		{B17284A2-5834-A5FE-469F-E0A6FC97FF92}.Release|Any CPU.Build.0 = Release|Any CPU
		{E2C9FF72-6EB3-0C40-88E3-6AB337879DA9}.Debug|Any CPU.ActiveCfg = Debug|Any CPU
		{E2C9FF72-6EB3-0C40-88E3-6AB337879DA9}.Debug|Any CPU.Build.0 = Debug|Any CPU
		{E2C9FF72-6EB3-0C40-88E3-6AB337879DA9}.Release|Any CPU.ActiveCfg = Release|Any CPU
		{E2C9FF72-6EB3-0C40-88E3-6AB337879DA9}.Release|Any CPU.Build.0 = Release|Any CPU
		{3C8775B8-EA45-B882-36D0-CDE5D6D08843}.Debug|Any CPU.ActiveCfg = Debug|Any CPU
		{3C8775B8-EA45-B882-36D0-CDE5D6D08843}.Debug|Any CPU.Build.0 = Debug|Any CPU
		{3C8775B8-EA45-B882-36D0-CDE5D6D08843}.Release|Any CPU.ActiveCfg = Release|Any CPU
		{3C8775B8-EA45-B882-36D0-CDE5D6D08843}.Release|Any CPU.Build.0 = Release|Any CPU
		{EFCEF48F-5771-963B-3C3C-EE376DEA0466}.Debug|Any CPU.ActiveCfg = Debug|Any CPU
		{EFCEF48F-5771-963B-3C3C-EE376DEA0466}.Debug|Any CPU.Build.0 = Debug|Any CPU
		{EFCEF48F-5771-963B-3C3C-EE376DEA0466}.Release|Any CPU.ActiveCfg = Release|Any CPU
		{EFCEF48F-5771-963B-3C3C-EE376DEA0466}.Release|Any CPU.Build.0 = Release|Any CPU
	EndGlobalSection
	GlobalSection(SolutionProperties) = preSolution
		HideSolutionNode = FALSE
	EndGlobalSection
EndGlobal
